{
  "version": 4,
  "terraform_version": "1.4.6",
  "serial": 508,
  "lineage": "9a66a7b6-80da-3f7e-15d0-28ac28ac4338",
  "outputs": {
    "ansible-ip": {
      "value": "13.37.227.163",
      "type": "string"
    },
    "bastion-ip": {
      "value": "13.38.54.210",
      "type": "string"
    },
    "jenkins-dns": {
      "value": "ET2PACAAD-jenkins-elb-745520951.eu-west-3.elb.amazonaws.com",
      "type": "string"
    },
    "jenkins-ip": {
      "value": "10.0.3.141",
      "type": "string"
    },
    "nexus-ip": {
      "value": "35.180.130.199",
      "type": "string"
    },
    "prod-high-availability": {
      "value": "alb-prod-1169417472.eu-west-3.elb.amazonaws.com",
      "type": "string"
    },
    "sonarqube-ip": {
      "value": "15.237.180.16",
      "type": "string"
    },
    "stage-high-availability": {
      "value": "stage-alb-743313371.eu-west-3.elb.amazonaws.com",
      "type": "string"
    }
  },
  "resources": [
    {
      "module": "module.ansible",
      "mode": "managed",
      "type": "aws_iam_access_key",
      "name": "user-access-key",
      "provider": "provider[\"registry.terraform.io/hashicorp/aws\"]",
      "instances": [
        {
          "schema_version": 0,
          "attributes": {
            "create_date": "2023-09-14T20:40:51Z",
            "encrypted_secret": null,
            "encrypted_ses_smtp_password_v4": null,
            "id": "AKIARCYZCEKYP6SV6EPV",
            "key_fingerprint": null,
            "pgp_key": null,
            "secret": "6XhrJegRPMjSpDsVkLSEwOw8MKTuBbB4png/JdR6",
            "ses_smtp_password_v4": "BPKs/9MGW2WCX18lPh738KBPNF0XlSftKT3Tf6tZRVNG",
            "status": "Active",
            "user": "ansible-user"
          },
          "sensitive_attributes": [],
          "private": "bnVsbA==",
          "dependencies": [
            "module.ansible.aws_iam_user.user"
          ]
        }
      ]
    },
    {
      "module": "module.ansible",
      "mode": "managed",
      "type": "aws_iam_group",
      "name": "group",
      "provider": "provider[\"registry.terraform.io/hashicorp/aws\"]",
      "instances": [
        {
          "schema_version": 0,
          "attributes": {
            "arn": "arn:aws:iam::074677625520:group/ansible-group",
            "id": "ansible-group",
            "name": "ansible-group",
            "path": "/",
            "unique_id": "AGPARCYZCEKYJVLSG2QWU"
          },
          "sensitive_attributes": [],
          "private": "bnVsbA=="
        }
      ]
    },
    {
      "module": "module.ansible",
      "mode": "managed",
      "type": "aws_iam_group_policy_attachment",
      "name": "policy",
      "provider": "provider[\"registry.terraform.io/hashicorp/aws\"]",
      "instances": [
        {
          "schema_version": 0,
          "attributes": {
            "group": "ansible-group",
            "id": "ansible-group-20230914204051899500000003",
            "policy_arn": "arn:aws:iam::aws:policy/AmazonEC2FullAccess"
          },
          "sensitive_attributes": [],
          "private": "bnVsbA==",
          "dependencies": [
            "module.ansible.aws_iam_group.group"
          ]
        }
      ]
    },
    {
      "module": "module.ansible",
      "mode": "managed",
      "type": "aws_iam_user",
      "name": "user",
      "provider": "provider[\"registry.terraform.io/hashicorp/aws\"]",
      "instances": [
        {
          "schema_version": 0,
          "attributes": {
            "arn": "arn:aws:iam::074677625520:user/ansible-user",
            "force_destroy": false,
            "id": "ansible-user",
            "name": "ansible-user",
            "path": "/",
            "permissions_boundary": null,
            "tags": null,
            "tags_all": {},
            "unique_id": "AIDARCYZCEKYAA2DAVHXM"
          },
          "sensitive_attributes": [],
          "private": "bnVsbA=="
        }
      ]
    },
    {
      "module": "module.ansible",
      "mode": "managed",
      "type": "aws_iam_user_group_membership",
      "name": "team",
      "provider": "provider[\"registry.terraform.io/hashicorp/aws\"]",
      "instances": [
        {
          "schema_version": 0,
          "attributes": {
            "groups": [
              "ansible-group"
            ],
            "id": "terraform-20230914204051833000000002",
            "user": "ansible-user"
          },
          "sensitive_attributes": [],
          "private": "bnVsbA==",
          "dependencies": [
            "module.ansible.aws_iam_group.group",
            "module.ansible.aws_iam_user.user"
          ]
        }
      ]
    },
    {
      "module": "module.ansible",
      "mode": "managed",
      "type": "aws_instance",
      "name": "ansible-server",
      "provider": "provider[\"registry.terraform.io/hashicorp/aws\"]",
      "instances": [
        {
          "schema_version": 1,
          "attributes": {
            "ami": "ami-0d767e966f3458eb5",
            "arn": "arn:aws:ec2:eu-west-3:074677625520:instance/i-089f1dab4d2748cd1",
            "associate_public_ip_address": true,
            "availability_zone": "eu-west-3a",
            "capacity_reservation_specification": [
              {
                "capacity_reservation_preference": "open",
                "capacity_reservation_target": []
              }
            ],
            "cpu_core_count": 2,
            "cpu_options": [
              {
                "amd_sev_snp": "",
                "core_count": 2,
                "threads_per_core": 1
              }
            ],
            "cpu_threads_per_core": 1,
            "credit_specification": [
              {
                "cpu_credits": "standard"
              }
            ],
            "disable_api_stop": false,
            "disable_api_termination": false,
            "ebs_block_device": [],
            "ebs_optimized": false,
            "enclave_options": [
              {
                "enabled": false
              }
            ],
            "ephemeral_block_device": [],
            "get_password_data": false,
            "hibernation": false,
            "host_id": "",
            "host_resource_group_arn": null,
            "iam_instance_profile": "",
            "id": "i-089f1dab4d2748cd1",
            "instance_initiated_shutdown_behavior": "stop",
            "instance_lifecycle": "",
            "instance_market_options": [],
            "instance_state": "running",
            "instance_type": "t2.medium",
            "ipv6_address_count": 0,
            "ipv6_addresses": [],
            "key_name": "ET2PACAAD",
            "launch_template": [],
            "maintenance_options": [
              {
                "auto_recovery": "default"
              }
            ],
            "metadata_options": [
              {
                "http_endpoint": "enabled",
                "http_protocol_ipv6": "disabled",
                "http_put_response_hop_limit": 1,
                "http_tokens": "optional",
                "instance_metadata_tags": "disabled"
              }
            ],
            "monitoring": false,
            "network_interface": [],
            "outpost_arn": "",
            "password_data": "",
            "placement_group": "",
            "placement_partition_number": 0,
            "primary_network_interface_id": "eni-0dfaa7408f293ad74",
            "private_dns": "ip-10-0-1-32.eu-west-3.compute.internal",
            "private_dns_name_options": [
              {
                "enable_resource_name_dns_a_record": false,
                "enable_resource_name_dns_aaaa_record": false,
                "hostname_type": "ip-name"
              }
            ],
            "private_ip": "10.0.1.32",
            "public_dns": "",
            "public_ip": "13.37.227.163",
            "root_block_device": [
              {
                "delete_on_termination": true,
                "device_name": "/dev/sda1",
                "encrypted": false,
                "iops": 100,
                "kms_key_id": "",
                "tags": {},
                "throughput": 0,
                "volume_id": "vol-0b6e2851b124a8832",
                "volume_size": 10,
                "volume_type": "gp2"
              }
            ],
            "secondary_private_ips": [],
            "security_groups": [],
            "source_dest_check": true,
            "spot_instance_request_id": "",
            "subnet_id": "subnet-0775ed0dfd56282f1",
            "tags": {
              "name": "ET2PACAAD-ansible-server"
            },
            "tags_all": {
              "name": "ET2PACAAD-ansible-server"
            },
            "tenancy": "default",
            "timeouts": null,
            "user_data": "640b8b750ff38925794fd553d3666a6f681beb12",
            "user_data_base64": null,
            "user_data_replace_on_change": false,
            "volume_tags": null,
            "vpc_security_group_ids": [
              "sg-03ebaca3de6211e46"
            ]
          },
          "sensitive_attributes": [
            [
              {
                "type": "get_attr",
                "value": "user_data"
              }
            ]
          ],
          "private": "eyJlMmJmYjczMC1lY2FhLTExZTYtOGY4OC0zNDM2M2JjN2M0YzAiOnsiY3JlYXRlIjo2MDAwMDAwMDAwMDAsImRlbGV0ZSI6MTIwMDAwMDAwMDAwMCwidXBkYXRlIjo2MDAwMDAwMDAwMDB9LCJzY2hlbWFfdmVyc2lvbiI6IjEifQ==",
          "dependencies": [
            "module.ansible.aws_iam_access_key.user-access-key",
            "module.ansible.aws_iam_user.user",
            "module.nexus.aws_instance.Nexus-server",
            "module.vpc.aws_key_pair.keypair",
            "module.vpc.aws_security_group.bastion_Ansible_sg",
            "module.vpc.aws_subnet.public-subnet-1"
          ]
        }
      ]
    },
    {
      "module": "module.asg-prod",
      "mode": "managed",
      "type": "aws_autoscaling_group",
      "name": "prod-asg",
      "provider": "provider[\"registry.terraform.io/hashicorp/aws\"]",
      "instances": [
        {
          "schema_version": 1,
          "attributes": {
            "arn": "arn:aws:autoscaling:eu-west-3:074677625520:autoScalingGroup:d9f949b9-b700-4de1-a5cd-09a9aa2389b0:autoScalingGroupName/ET2PACAAD-prod-asg",
            "availability_zones": [
              "eu-west-3a",
              "eu-west-3b"
            ],
            "capacity_rebalance": false,
            "context": "",
            "default_cooldown": 300,
            "default_instance_warmup": 0,
            "desired_capacity": 2,
            "desired_capacity_type": "",
            "enabled_metrics": [],
            "force_delete": true,
            "force_delete_warm_pool": false,
            "health_check_grace_period": 120,
            "health_check_type": "EC2",
            "id": "ET2PACAAD-prod-asg",
            "ignore_failed_scaling_activities": false,
            "initial_lifecycle_hook": [],
            "instance_refresh": [],
            "launch_configuration": "",
            "launch_template": [
              {
                "id": "lt-0d55b08cc938d7c47",
                "name": "ET2PACAAD-prod-lt20230914202628125900000009",
                "version": "$Latest"
              }
            ],
            "load_balancers": [],
            "max_instance_lifetime": 0,
            "max_size": 4,
            "metrics_granularity": "1Minute",
            "min_elb_capacity": null,
            "min_size": 1,
            "mixed_instances_policy": [],
            "name": "ET2PACAAD-prod-asg",
            "name_prefix": "",
            "placement_group": "",
            "predicted_capacity": 0,
            "protect_from_scale_in": false,
            "service_linked_role_arn": "arn:aws:iam::074677625520:role/aws-service-role/autoscaling.amazonaws.com/AWSServiceRoleForAutoScaling",
            "suspended_processes": [],
            "tag": [
              {
                "key": "Name",
                "propagate_at_launch": true,
                "value": "prod-instance"
              }
            ],
            "target_group_arns": [
              "arn:aws:elasticloadbalancing:eu-west-3:074677625520:targetgroup/prod-tg/800a9aec1b0a0b88"
            ],
            "termination_policies": [],
            "timeouts": null,
            "traffic_source": [
              {
                "identifier": "arn:aws:elasticloadbalancing:eu-west-3:074677625520:targetgroup/prod-tg/800a9aec1b0a0b88",
                "type": "elbv2"
              }
            ],
            "vpc_zone_identifier": [
              "subnet-0465941e5705af503",
              "subnet-0ac6955f1170d92c1"
            ],
            "wait_for_capacity_timeout": "10m",
            "wait_for_elb_capacity": null,
            "warm_pool": [],
            "warm_pool_size": 0
          },
          "sensitive_attributes": [],
          "private": "eyJlMmJmYjczMC1lY2FhLTExZTYtOGY4OC0zNDM2M2JjN2M0YzAiOnsiZGVsZXRlIjo2MDAwMDAwMDAwMDAsInVwZGF0ZSI6NjAwMDAwMDAwMDAwfSwic2NoZW1hX3ZlcnNpb24iOiIxIn0=",
          "dependencies": [
            "module.asg-prod.aws_launch_template.prod-lt",
            "module.nexus.aws_instance.Nexus-server",
            "module.prod-high-availability.aws_lb_target_group.target-group",
            "module.vpc.aws_key_pair.keypair",
            "module.vpc.aws_security_group.docker_sg",
            "module.vpc.aws_security_group.nexus_sg",
            "module.vpc.aws_subnet.private-subnet-1",
            "module.vpc.aws_subnet.private-subnet-2",
            "module.vpc.aws_subnet.public-subnet-2",
            "module.vpc.aws_vpc.vpc"
          ]
        }
      ]
    },
    {
      "module": "module.asg-prod",
      "mode": "managed",
      "type": "aws_autoscaling_policy",
      "name": "asg-policy",
      "provider": "provider[\"registry.terraform.io/hashicorp/aws\"]",
      "instances": [
        {
          "schema_version": 0,
          "attributes": {
            "adjustment_type": "",
            "arn": "arn:aws:autoscaling:eu-west-3:074677625520:scalingPolicy:2c474864-88e5-42b8-8985-d9e974bb5d1b:autoScalingGroupName/ET2PACAAD-prod-asg:policyName/ET2PACAAD-asg-policy",
            "autoscaling_group_name": "ET2PACAAD-prod-asg",
            "cooldown": 0,
            "enabled": true,
            "estimated_instance_warmup": 0,
            "id": "ET2PACAAD-asg-policy",
            "metric_aggregation_type": "",
            "min_adjustment_magnitude": 0,
            "name": "ET2PACAAD-asg-policy",
            "policy_type": "TargetTrackingScaling",
            "predictive_scaling_configuration": [],
            "scaling_adjustment": 0,
            "step_adjustment": [],
            "target_tracking_configuration": [
              {
                "customized_metric_specification": [],
                "disable_scale_in": false,
                "predefined_metric_specification": [
                  {
                    "predefined_metric_type": "ASGAverageCPUUtilization",
                    "resource_label": ""
                  }
                ],
                "target_value": 60
              }
            ]
          },
          "sensitive_attributes": [],
          "private": "bnVsbA==",
          "dependencies": [
            "module.asg-prod.aws_autoscaling_group.prod-asg"
          ]
        }
      ]
    },
    {
      "module": "module.asg-prod",
      "mode": "managed",
      "type": "aws_launch_template",
      "name": "prod-lt",
      "provider": "provider[\"registry.terraform.io/hashicorp/aws\"]",
      "instances": [
        {
          "schema_version": 0,
          "attributes": {
            "arn": "arn:aws:ec2:eu-west-3:074677625520:launch-template/lt-0d55b08cc938d7c47",
            "block_device_mappings": [],
            "capacity_reservation_specification": [],
            "cpu_options": [],
            "credit_specification": [],
            "default_version": 1,
            "description": "",
            "disable_api_stop": false,
            "disable_api_termination": false,
            "ebs_optimized": "",
            "elastic_gpu_specifications": [],
            "elastic_inference_accelerator": [],
            "enclave_options": [],
            "hibernation_options": [],
            "iam_instance_profile": [],
            "id": "lt-0d55b08cc938d7c47",
            "image_id": "ami-0d767e966f3458eb5",
            "instance_initiated_shutdown_behavior": "",
            "instance_market_options": [],
            "instance_requirements": [],
            "instance_type": "t2.medium",
            "kernel_id": "",
            "key_name": "ET2PACAAD",
            "latest_version": 1,
            "license_specification": [],
            "maintenance_options": [],
            "metadata_options": [],
            "monitoring": [],
            "name": "ET2PACAAD-prod-lt20230914202628125900000009",
            "name_prefix": "ET2PACAAD-prod-lt",
            "network_interfaces": [],
            "placement": [],
            "private_dns_name_options": [],
            "ram_disk_id": "",
            "security_group_names": [],
            "tag_specifications": [],
            "tags": {},
            "tags_all": {},
            "update_default_version": null,
            "user_data": "IyEvYmluL2Jhc2gKIyB1cGRhdGUgYW5kIHVwZ3JhZGUgeXVtIHBhY2thZ2VzLCBpbnN0YWxsIHl1bS11dGlscywgY29uZmlnIG1hbmFnZXIgYW5kIGRvY2tlcgpzdWRvIHl1bSB1cGRhdGUgLXkKc3VkbyB5dW0gdXBncmFkZSAteQpzdWRvIHl1bSBpbnN0YWxsIC15IHl1bS11dGlscwpzdWRvIHl1bS1jb25maWctbWFuYWdlciAtLWFkZC1yZXBvIGh0dHBzOi8vZG93bmxvYWQuZG9ja2VyLmNvbS9saW51eC9jZW50b3MvZG9ja2VyLWNlLnJlcG8Kc3VkbyB5dW0gaW5zdGFsbCBkb2NrZXItY2UgLXkKCiNUaGlzIGNvbmZpZ3VyYXRpb24gZmlsZSB3aWxsIGFsbG93IGRvY2tlciBjb21tdW5pY2F0ZSB3aXRoIG5leHVzIHJlcG8gb3ZlciBIVFRQIGNvbm5lY3Rpb24Kc3VkbyBjYXQgPDxFT1Q+PiAvZXRjL2RvY2tlci9kYWVtb24uanNvbgp7CiAgICAiaW5zZWN1cmUtcmVnaXN0cmllcyIgOiBbIjM1LjE4MC4xMzAuMTk5OjgwODUiXQp9CkVPVAoKI0VuYWJsZSBhbmQgc3RhcnQgZG9ja2VyIGVuZ2luZSBhbmQgYXNzaWduIGVjMi11c2VyIHRvIGRvY2tlciBncm91cApzdWRvIHN5c3RlbWN0bCBzdGFydCBkb2NrZXIKc3VkbyBzeXN0ZW1jdGwgZW5hYmxlIGRvY2tlcgpzdWRvIHVzZXJtb2QgLWFHIGRvY2tlciBlYzItdXNlcgoKI0luc3RhbGwgTmV3IHJlbGljCmN1cmwgLUxzIGh0dHBzOi8vZG93bmxvYWQubmV3cmVsaWMuY29tL2luc3RhbGwvbmV3cmVsaWMtY2xpL3NjcmlwdHMvaW5zdGFsbC5zaCB8IGJhc2ggJiYgc3VkbyAgTkVXX1JFTElDX0FQSV9LRVk9Ik5SQUstOUQ0WkpLNkZBMjEzM0paVDNRWk4wUUhXM0hUIiBORVdfUkVMSUNfQUNDT1VOVF9JRD0iNDA5MjY4MiIgTkVXX1JFTElDX1JFR0lPTj1FVSAvdXNyL2xvY2FsL2Jpbi9uZXdyZWxpYyBpbnN0YWxsIC15CnN1ZG8gaG9zdG5hbWVjdGwgc2V0LWhvc3RuYW1lIERvY2tlcg==",
            "vpc_security_group_ids": [
              "sg-082f648d823f72334"
            ]
          },
          "sensitive_attributes": [],
          "private": "bnVsbA==",
          "dependencies": [
            "module.nexus.aws_instance.Nexus-server",
            "module.vpc.aws_key_pair.keypair",
            "module.vpc.aws_security_group.docker_sg",
            "module.vpc.aws_security_group.nexus_sg",
            "module.vpc.aws_subnet.public-subnet-2",
            "module.vpc.aws_vpc.vpc"
          ]
        }
      ]
    },
    {
      "module": "module.asg-stage",
      "mode": "managed",
      "type": "aws_autoscaling_group",
      "name": "stage-asg",
      "provider": "provider[\"registry.terraform.io/hashicorp/aws\"]",
      "instances": [
        {
          "schema_version": 1,
          "attributes": {
            "arn": "arn:aws:autoscaling:eu-west-3:074677625520:autoScalingGroup:e8dea9a9-6b22-4cd1-b8fa-ff8c7a46ca51:autoScalingGroupName/ET2PACAAD-stage-asg",
            "availability_zones": [
              "eu-west-3a",
              "eu-west-3b"
            ],
            "capacity_rebalance": false,
            "context": "",
            "default_cooldown": 300,
            "default_instance_warmup": 0,
            "desired_capacity": 2,
            "desired_capacity_type": "",
            "enabled_metrics": [],
            "force_delete": true,
            "force_delete_warm_pool": false,
            "health_check_grace_period": 120,
            "health_check_type": "EC2",
            "id": "ET2PACAAD-stage-asg",
            "ignore_failed_scaling_activities": false,
            "initial_lifecycle_hook": [],
            "instance_refresh": [],
            "launch_configuration": "",
            "launch_template": [
              {
                "id": "lt-06ed63b4fe729c9b6",
                "name": "ET2PACAAD-stage-lt2023091420262812970000000b",
                "version": "$Latest"
              }
            ],
            "load_balancers": [],
            "max_instance_lifetime": 0,
            "max_size": 4,
            "metrics_granularity": "1Minute",
            "min_elb_capacity": null,
            "min_size": 1,
            "mixed_instances_policy": [],
            "name": "ET2PACAAD-stage-asg",
            "name_prefix": "",
            "placement_group": "",
            "predicted_capacity": 0,
            "protect_from_scale_in": false,
            "service_linked_role_arn": "arn:aws:iam::074677625520:role/aws-service-role/autoscaling.amazonaws.com/AWSServiceRoleForAutoScaling",
            "suspended_processes": [],
            "tag": [
              {
                "key": "Name",
                "propagate_at_launch": true,
                "value": "stage-instance"
              }
            ],
            "target_group_arns": [
              "arn:aws:elasticloadbalancing:eu-west-3:074677625520:targetgroup/stage-tg/c0473b6121857329"
            ],
            "termination_policies": [],
            "timeouts": null,
            "traffic_source": [
              {
                "identifier": "arn:aws:elasticloadbalancing:eu-west-3:074677625520:targetgroup/stage-tg/c0473b6121857329",
                "type": "elbv2"
              }
            ],
            "vpc_zone_identifier": [
              "subnet-0465941e5705af503",
              "subnet-0ac6955f1170d92c1"
            ],
            "wait_for_capacity_timeout": "10m",
            "wait_for_elb_capacity": null,
            "warm_pool": [],
            "warm_pool_size": 0
          },
          "sensitive_attributes": [],
          "private": "eyJlMmJmYjczMC1lY2FhLTExZTYtOGY4OC0zNDM2M2JjN2M0YzAiOnsiZGVsZXRlIjo2MDAwMDAwMDAwMDAsInVwZGF0ZSI6NjAwMDAwMDAwMDAwfSwic2NoZW1hX3ZlcnNpb24iOiIxIn0=",
          "dependencies": [
            "module.asg-stage.aws_launch_template.stage-lt",
            "module.nexus.aws_instance.Nexus-server",
            "module.stage-high-availability.aws_lb_target_group.target-group",
            "module.vpc.aws_key_pair.keypair",
            "module.vpc.aws_security_group.docker_sg",
            "module.vpc.aws_security_group.nexus_sg",
            "module.vpc.aws_subnet.private-subnet-1",
            "module.vpc.aws_subnet.private-subnet-2",
            "module.vpc.aws_subnet.public-subnet-2",
            "module.vpc.aws_vpc.vpc"
          ]
        }
      ]
    },
    {
      "module": "module.asg-stage",
      "mode": "managed",
      "type": "aws_autoscaling_policy",
      "name": "asg-policy",
      "provider": "provider[\"registry.terraform.io/hashicorp/aws\"]",
      "instances": [
        {
          "schema_version": 0,
          "attributes": {
            "adjustment_type": "",
            "arn": "arn:aws:autoscaling:eu-west-3:074677625520:scalingPolicy:47000cef-43f6-4fbd-8a42-9f15af2cfc7e:autoScalingGroupName/ET2PACAAD-stage-asg:policyName/ET2PACAAD-asg-policy",
            "autoscaling_group_name": "ET2PACAAD-stage-asg",
            "cooldown": 0,
            "enabled": true,
            "estimated_instance_warmup": 0,
            "id": "ET2PACAAD-asg-policy",
            "metric_aggregation_type": "",
            "min_adjustment_magnitude": 0,
            "name": "ET2PACAAD-asg-policy",
            "policy_type": "TargetTrackingScaling",
            "predictive_scaling_configuration": [],
            "scaling_adjustment": 0,
            "step_adjustment": [],
            "target_tracking_configuration": [
              {
                "customized_metric_specification": [],
                "disable_scale_in": false,
                "predefined_metric_specification": [
                  {
                    "predefined_metric_type": "ASGAverageCPUUtilization",
                    "resource_label": ""
                  }
                ],
                "target_value": 60
              }
            ]
          },
          "sensitive_attributes": [],
          "private": "bnVsbA==",
          "dependencies": [
            "module.asg-stage.aws_autoscaling_group.stage-asg"
          ]
        }
      ]
    },
    {
      "module": "module.asg-stage",
      "mode": "managed",
      "type": "aws_launch_template",
      "name": "stage-lt",
      "provider": "provider[\"registry.terraform.io/hashicorp/aws\"]",
      "instances": [
        {
          "schema_version": 0,
          "attributes": {
            "arn": "arn:aws:ec2:eu-west-3:074677625520:launch-template/lt-06ed63b4fe729c9b6",
            "block_device_mappings": [],
            "capacity_reservation_specification": [],
            "cpu_options": [],
            "credit_specification": [],
            "default_version": 1,
            "description": "",
            "disable_api_stop": false,
            "disable_api_termination": false,
            "ebs_optimized": "",
            "elastic_gpu_specifications": [],
            "elastic_inference_accelerator": [],
            "enclave_options": [],
            "hibernation_options": [],
            "iam_instance_profile": [],
            "id": "lt-06ed63b4fe729c9b6",
            "image_id": "ami-0d767e966f3458eb5",
            "instance_initiated_shutdown_behavior": "",
            "instance_market_options": [],
            "instance_requirements": [],
            "instance_type": "t2.medium",
            "kernel_id": "",
            "key_name": "ET2PACAAD",
            "latest_version": 1,
            "license_specification": [],
            "maintenance_options": [],
            "metadata_options": [],
            "monitoring": [],
            "name": "ET2PACAAD-stage-lt2023091420262812970000000b",
            "name_prefix": "ET2PACAAD-stage-lt",
            "network_interfaces": [],
            "placement": [],
            "private_dns_name_options": [],
            "ram_disk_id": "",
            "security_group_names": [],
            "tag_specifications": [],
            "tags": {},
            "tags_all": {},
            "update_default_version": null,
            "user_data": "IyEvYmluL2Jhc2gKIyB1cGRhdGUgYW5kIHVwZ3JhZGUgeXVtIHBhY2thZ2VzLCBpbnN0YWxsIHl1bS11dGlscywgY29uZmlnIG1hbmFnZXIgYW5kIGRvY2tlcgpzdWRvIHl1bSB1cGRhdGUgLXkKc3VkbyB5dW0gdXBncmFkZSAteQpzdWRvIHl1bSBpbnN0YWxsIC15IHl1bS11dGlscwpzdWRvIHl1bS1jb25maWctbWFuYWdlciAtLWFkZC1yZXBvIGh0dHBzOi8vZG93bmxvYWQuZG9ja2VyLmNvbS9saW51eC9jZW50b3MvZG9ja2VyLWNlLnJlcG8Kc3VkbyB5dW0gaW5zdGFsbCBkb2NrZXItY2UgLXkKCiNUaGlzIGNvbmZpZ3VyYXRpb24gZmlsZSB3aWxsIGFsbG93IGRvY2tlciBjb21tdW5pY2F0ZSB3aXRoIG5leHVzIHJlcG8gb3ZlciBIVFRQIGNvbm5lY3Rpb24Kc3VkbyBjYXQgPDxFT1Q+PiAvZXRjL2RvY2tlci9kYWVtb24uanNvbgp7CiAgICAiaW5zZWN1cmUtcmVnaXN0cmllcyIgOiBbIjM1LjE4MC4xMzAuMTk5OjgwODUiXQp9CkVPVAoKI0VuYWJsZSBhbmQgc3RhcnQgZG9ja2VyIGVuZ2luZSBhbmQgYXNzaWduIGVjMi11c2VyIHRvIGRvY2tlciBncm91cApzdWRvIHN5c3RlbWN0bCBzdGFydCBkb2NrZXIKc3VkbyBzeXN0ZW1jdGwgZW5hYmxlIGRvY2tlcgpzdWRvIHVzZXJtb2QgLWFHIGRvY2tlciBlYzItdXNlcgoKI0luc3RhbGwgTmV3IHJlbGljCmN1cmwgLUxzIGh0dHBzOi8vZG93bmxvYWQubmV3cmVsaWMuY29tL2luc3RhbGwvbmV3cmVsaWMtY2xpL3NjcmlwdHMvaW5zdGFsbC5zaCB8IGJhc2ggJiYgc3VkbyAgTkVXX1JFTElDX0FQSV9LRVk9Ik5SQUstOUQ0WkpLNkZBMjEzM0paVDNRWk4wUUhXM0hUIiBORVdfUkVMSUNfQUNDT1VOVF9JRD0iNDA5MjY4MiIgTkVXX1JFTElDX1JFR0lPTj1FVSAvdXNyL2xvY2FsL2Jpbi9uZXdyZWxpYyBpbnN0YWxsIC15CnN1ZG8gaG9zdG5hbWVjdGwgc2V0LWhvc3RuYW1lIERvY2tlcg==",
            "vpc_security_group_ids": [
              "sg-082f648d823f72334"
            ]
          },
          "sensitive_attributes": [],
          "private": "bnVsbA==",
          "dependencies": [
            "module.nexus.aws_instance.Nexus-server",
            "module.vpc.aws_key_pair.keypair",
            "module.vpc.aws_security_group.docker_sg",
            "module.vpc.aws_security_group.nexus_sg",
            "module.vpc.aws_subnet.public-subnet-2",
            "module.vpc.aws_vpc.vpc"
          ]
        }
      ]
    },
    {
      "module": "module.bastion-host",
      "mode": "managed",
      "type": "aws_instance",
      "name": "bastion-host-server",
      "provider": "provider[\"registry.terraform.io/hashicorp/aws\"]",
      "instances": [
        {
          "schema_version": 1,
          "attributes": {
            "ami": "ami-0d767e966f3458eb5",
            "arn": "arn:aws:ec2:eu-west-3:074677625520:instance/i-0f227e21b9e0825ec",
            "associate_public_ip_address": true,
            "availability_zone": "eu-west-3a",
            "capacity_reservation_specification": [
              {
                "capacity_reservation_preference": "open",
                "capacity_reservation_target": []
              }
            ],
            "cpu_core_count": 2,
            "cpu_options": [
              {
                "amd_sev_snp": "",
                "core_count": 2,
                "threads_per_core": 1
              }
            ],
            "cpu_threads_per_core": 1,
            "credit_specification": [
              {
                "cpu_credits": "standard"
              }
            ],
            "disable_api_stop": false,
            "disable_api_termination": false,
            "ebs_block_device": [],
            "ebs_optimized": false,
            "enclave_options": [
              {
                "enabled": false
              }
            ],
            "ephemeral_block_device": [],
            "get_password_data": false,
            "hibernation": false,
            "host_id": "",
            "host_resource_group_arn": null,
            "iam_instance_profile": "",
            "id": "i-0f227e21b9e0825ec",
            "instance_initiated_shutdown_behavior": "stop",
            "instance_lifecycle": "",
            "instance_market_options": [],
            "instance_state": "running",
            "instance_type": "t2.medium",
            "ipv6_address_count": 0,
            "ipv6_addresses": [],
            "key_name": "ET2PACAAD",
            "launch_template": [],
            "maintenance_options": [
              {
                "auto_recovery": "default"
              }
            ],
            "metadata_options": [
              {
                "http_endpoint": "enabled",
                "http_protocol_ipv6": "disabled",
                "http_put_response_hop_limit": 1,
                "http_tokens": "optional",
                "instance_metadata_tags": "disabled"
              }
            ],
            "monitoring": false,
            "network_interface": [],
            "outpost_arn": "",
            "password_data": "",
            "placement_group": "",
            "placement_partition_number": 0,
            "primary_network_interface_id": "eni-05560bb5cc9cb4c0f",
            "private_dns": "ip-10-0-1-81.eu-west-3.compute.internal",
            "private_dns_name_options": [
              {
                "enable_resource_name_dns_a_record": false,
                "enable_resource_name_dns_aaaa_record": false,
                "hostname_type": "ip-name"
              }
            ],
            "private_ip": "10.0.1.81",
            "public_dns": "",
            "public_ip": "13.38.54.210",
            "root_block_device": [
              {
                "delete_on_termination": true,
                "device_name": "/dev/sda1",
                "encrypted": false,
                "iops": 100,
                "kms_key_id": "",
                "tags": {},
                "throughput": 0,
                "volume_id": "vol-05163d30fee37288e",
                "volume_size": 10,
                "volume_type": "gp2"
              }
            ],
            "secondary_private_ips": [],
            "security_groups": [],
            "source_dest_check": true,
            "spot_instance_request_id": "",
            "subnet_id": "subnet-0775ed0dfd56282f1",
            "tags": {
              "Name": "ET2PACAAD-bastion-host"
            },
            "tags_all": {
              "Name": "ET2PACAAD-bastion-host"
            },
            "tenancy": "default",
            "timeouts": null,
            "user_data": "87d7cdcd86e715a0b5f839c5aa74c24709dbc2cd",
            "user_data_base64": null,
            "user_data_replace_on_change": false,
            "volume_tags": null,
            "vpc_security_group_ids": [
              "sg-03ebaca3de6211e46"
            ]
          },
          "sensitive_attributes": [],
          "private": "eyJlMmJmYjczMC1lY2FhLTExZTYtOGY4OC0zNDM2M2JjN2M0YzAiOnsiY3JlYXRlIjo2MDAwMDAwMDAwMDAsImRlbGV0ZSI6MTIwMDAwMDAwMDAwMCwidXBkYXRlIjo2MDAwMDAwMDAwMDB9LCJzY2hlbWFfdmVyc2lvbiI6IjEifQ==",
          "dependencies": [
            "module.vpc.aws_key_pair.keypair",
            "module.vpc.aws_security_group.bastion_Ansible_sg",
            "module.vpc.aws_subnet.public-subnet-1",
            "module.vpc.aws_vpc.vpc"
          ]
        }
      ]
    },
    {
      "module": "module.jenkins",
      "mode": "managed",
      "type": "aws_elb",
      "name": "lb",
      "provider": "provider[\"registry.terraform.io/hashicorp/aws\"]",
      "instances": [
        {
          "schema_version": 0,
          "attributes": {
            "access_logs": [],
            "arn": "arn:aws:elasticloadbalancing:eu-west-3:074677625520:loadbalancer/ET2PACAAD-jenkins-elb",
            "availability_zones": [
              "eu-west-3a"
            ],
            "connection_draining": true,
            "connection_draining_timeout": 400,
            "cross_zone_load_balancing": true,
            "desync_mitigation_mode": "defensive",
            "dns_name": "ET2PACAAD-jenkins-elb-745520951.eu-west-3.elb.amazonaws.com",
            "health_check": [
              {
                "healthy_threshold": 2,
                "interval": 30,
                "target": "TCP:8080",
                "timeout": 3,
                "unhealthy_threshold": 2
              }
            ],
            "id": "ET2PACAAD-jenkins-elb",
            "idle_timeout": 400,
            "instances": [
              "i-09b3d84759e90c3bb"
            ],
            "internal": false,
            "listener": [
              {
                "instance_port": 8080,
                "instance_protocol": "http",
                "lb_port": 80,
                "lb_protocol": "http",
                "ssl_certificate_id": ""
              }
            ],
            "name": "ET2PACAAD-jenkins-elb",
            "name_prefix": null,
            "security_groups": [
              "sg-019b86fd02acdde4b"
            ],
            "source_security_group": "074677625520/jenkins",
            "source_security_group_id": "sg-019b86fd02acdde4b",
            "subnets": [
              "subnet-0775ed0dfd56282f1"
            ],
            "tags": {
              "Name": "ET2PACAAD-jenkins-elb"
            },
            "tags_all": {
              "Name": "ET2PACAAD-jenkins-elb"
            },
            "timeouts": null,
            "zone_id": "Z3Q77PNBQS71R4"
          },
          "sensitive_attributes": [],
          "private": "eyJlMmJmYjczMC1lY2FhLTExZTYtOGY4OC0zNDM2M2JjN2M0YzAiOnsiY3JlYXRlIjozMDAwMDAwMDAwMDAsInVwZGF0ZSI6MzAwMDAwMDAwMDAwfX0=",
          "dependencies": [
            "module.jenkins.aws_instance.jenkins_server",
            "module.nexus.aws_instance.Nexus-server",
            "module.vpc.aws_key_pair.keypair",
            "module.vpc.aws_security_group.jenkins_sg",
            "module.vpc.aws_security_group.nexus_sg",
            "module.vpc.aws_subnet.private-subnet-1",
            "module.vpc.aws_subnet.public-subnet-1",
            "module.vpc.aws_subnet.public-subnet-2",
            "module.vpc.aws_vpc.vpc"
          ]
        }
      ]
    },
    {
      "module": "module.jenkins",
      "mode": "managed",
      "type": "aws_instance",
      "name": "jenkins_server",
      "provider": "provider[\"registry.terraform.io/hashicorp/aws\"]",
      "instances": [
        {
          "schema_version": 1,
          "attributes": {
            "ami": "ami-0d767e966f3458eb5",
            "arn": "arn:aws:ec2:eu-west-3:074677625520:instance/i-09b3d84759e90c3bb",
            "associate_public_ip_address": true,
            "availability_zone": "eu-west-3a",
            "capacity_reservation_specification": [
              {
                "capacity_reservation_preference": "open",
                "capacity_reservation_target": []
              }
            ],
            "cpu_core_count": 2,
            "cpu_options": [
              {
                "amd_sev_snp": "",
                "core_count": 2,
                "threads_per_core": 1
              }
            ],
            "cpu_threads_per_core": 1,
            "credit_specification": [
              {
                "cpu_credits": "standard"
              }
            ],
            "disable_api_stop": false,
            "disable_api_termination": false,
            "ebs_block_device": [],
            "ebs_optimized": false,
            "enclave_options": [
              {
                "enabled": false
              }
            ],
            "ephemeral_block_device": [],
            "get_password_data": false,
            "hibernation": false,
            "host_id": "",
            "host_resource_group_arn": null,
            "iam_instance_profile": "",
            "id": "i-09b3d84759e90c3bb",
            "instance_initiated_shutdown_behavior": "stop",
            "instance_lifecycle": "",
            "instance_market_options": [],
            "instance_state": "running",
            "instance_type": "t2.medium",
            "ipv6_address_count": 0,
            "ipv6_addresses": [],
            "key_name": "ET2PACAAD",
            "launch_template": [],
            "maintenance_options": [
              {
                "auto_recovery": "default"
              }
            ],
            "metadata_options": [
              {
                "http_endpoint": "enabled",
                "http_protocol_ipv6": "disabled",
                "http_put_response_hop_limit": 1,
                "http_tokens": "optional",
                "instance_metadata_tags": "disabled"
              }
            ],
            "monitoring": false,
            "network_interface": [],
            "outpost_arn": "",
            "password_data": "",
            "placement_group": "",
            "placement_partition_number": 0,
            "primary_network_interface_id": "eni-0bc0f4c5cac19280a",
            "private_dns": "ip-10-0-3-141.eu-west-3.compute.internal",
            "private_dns_name_options": [
              {
                "enable_resource_name_dns_a_record": false,
                "enable_resource_name_dns_aaaa_record": false,
                "hostname_type": "ip-name"
              }
            ],
            "private_ip": "10.0.3.141",
            "public_dns": "",
            "public_ip": "15.236.134.151",
            "root_block_device": [
              {
                "delete_on_termination": true,
                "device_name": "/dev/sda1",
                "encrypted": false,
                "iops": 100,
                "kms_key_id": "",
                "tags": {},
                "throughput": 0,
                "volume_id": "vol-04eb1c685c854bb93",
                "volume_size": 10,
                "volume_type": "gp2"
              }
            ],
            "secondary_private_ips": [],
            "security_groups": [],
            "source_dest_check": true,
            "spot_instance_request_id": "",
            "subnet_id": "subnet-0ac6955f1170d92c1",
            "tags": {
              "Name": "ET2PACAAD-jenkins"
            },
            "tags_all": {
              "Name": "ET2PACAAD-jenkins"
            },
            "tenancy": "default",
            "timeouts": null,
            "user_data": "61758eb35fbf777bb211caf7741799b770751e12",
            "user_data_base64": null,
            "user_data_replace_on_change": false,
            "volume_tags": null,
            "vpc_security_group_ids": [
              "sg-019b86fd02acdde4b"
            ]
          },
          "sensitive_attributes": [],
          "private": "eyJlMmJmYjczMC1lY2FhLTExZTYtOGY4OC0zNDM2M2JjN2M0YzAiOnsiY3JlYXRlIjo2MDAwMDAwMDAwMDAsImRlbGV0ZSI6MTIwMDAwMDAwMDAwMCwidXBkYXRlIjo2MDAwMDAwMDAwMDB9LCJzY2hlbWFfdmVyc2lvbiI6IjEifQ==",
          "dependencies": [
            "module.nexus.aws_instance.Nexus-server",
            "module.vpc.aws_key_pair.keypair",
            "module.vpc.aws_security_group.jenkins_sg",
            "module.vpc.aws_security_group.nexus_sg",
            "module.vpc.aws_subnet.private-subnet-1",
            "module.vpc.aws_subnet.public-subnet-2",
            "module.vpc.aws_vpc.vpc"
          ]
        }
      ]
    },
    {
      "module": "module.nexus",
      "mode": "managed",
      "type": "aws_instance",
      "name": "Nexus-server",
      "provider": "provider[\"registry.terraform.io/hashicorp/aws\"]",
      "instances": [
        {
          "schema_version": 1,
          "attributes": {
            "ami": "ami-0d767e966f3458eb5",
            "arn": "arn:aws:ec2:eu-west-3:074677625520:instance/i-0baab99aa693ee95e",
            "associate_public_ip_address": true,
            "availability_zone": "eu-west-3b",
            "capacity_reservation_specification": [
              {
                "capacity_reservation_preference": "open",
                "capacity_reservation_target": []
              }
            ],
            "cpu_core_count": 2,
            "cpu_options": [
              {
                "amd_sev_snp": "",
                "core_count": 2,
                "threads_per_core": 1
              }
            ],
            "cpu_threads_per_core": 1,
            "credit_specification": [
              {
                "cpu_credits": "standard"
              }
            ],
            "disable_api_stop": false,
            "disable_api_termination": false,
            "ebs_block_device": [],
            "ebs_optimized": false,
            "enclave_options": [
              {
                "enabled": false
              }
            ],
            "ephemeral_block_device": [],
            "get_password_data": false,
            "hibernation": false,
            "host_id": "",
            "host_resource_group_arn": null,
            "iam_instance_profile": "",
            "id": "i-0baab99aa693ee95e",
            "instance_initiated_shutdown_behavior": "stop",
            "instance_lifecycle": "",
            "instance_market_options": [],
            "instance_state": "running",
            "instance_type": "t2.medium",
            "ipv6_address_count": 0,
            "ipv6_addresses": [],
            "key_name": "ET2PACAAD",
            "launch_template": [],
            "maintenance_options": [
              {
                "auto_recovery": "default"
              }
            ],
            "metadata_options": [
              {
                "http_endpoint": "enabled",
                "http_protocol_ipv6": "disabled",
                "http_put_response_hop_limit": 1,
                "http_tokens": "optional",
                "instance_metadata_tags": "disabled"
              }
            ],
            "monitoring": false,
            "network_interface": [],
            "outpost_arn": "",
            "password_data": "",
            "placement_group": "",
            "placement_partition_number": 0,
            "primary_network_interface_id": "eni-08bf565e869451544",
            "private_dns": "ip-10-0-2-62.eu-west-3.compute.internal",
            "private_dns_name_options": [
              {
                "enable_resource_name_dns_a_record": false,
                "enable_resource_name_dns_aaaa_record": false,
                "hostname_type": "ip-name"
              }
            ],
            "private_ip": "10.0.2.62",
            "public_dns": "",
            "public_ip": "35.180.130.199",
            "root_block_device": [
              {
                "delete_on_termination": true,
                "device_name": "/dev/sda1",
                "encrypted": false,
                "iops": 100,
                "kms_key_id": "",
                "tags": {},
                "throughput": 0,
                "volume_id": "vol-05cfd17b7330022f8",
                "volume_size": 10,
                "volume_type": "gp2"
              }
            ],
            "secondary_private_ips": [],
            "security_groups": [],
            "source_dest_check": true,
            "spot_instance_request_id": "",
            "subnet_id": "subnet-044d1cc6272fcc83a",
            "tags": {
              "name": "ET2PACAAD-nexus"
            },
            "tags_all": {
              "name": "ET2PACAAD-nexus"
            },
            "tenancy": "default",
            "timeouts": null,
            "user_data": "156b0185379a250ea462e629f7ad69d15ed2b240",
            "user_data_base64": null,
            "user_data_replace_on_change": false,
            "volume_tags": null,
            "vpc_security_group_ids": [
              "sg-04e04e1cca9e393c0"
            ]
          },
          "sensitive_attributes": [],
          "private": "eyJlMmJmYjczMC1lY2FhLTExZTYtOGY4OC0zNDM2M2JjN2M0YzAiOnsiY3JlYXRlIjo2MDAwMDAwMDAwMDAsImRlbGV0ZSI6MTIwMDAwMDAwMDAwMCwidXBkYXRlIjo2MDAwMDAwMDAwMDB9LCJzY2hlbWFfdmVyc2lvbiI6IjEifQ==",
          "dependencies": [
            "module.vpc.aws_key_pair.keypair",
            "module.vpc.aws_security_group.nexus_sg",
            "module.vpc.aws_subnet.public-subnet-2",
            "module.vpc.aws_vpc.vpc"
          ]
        }
      ]
    },
    {
      "module": "module.prod-high-availability",
      "mode": "managed",
      "type": "aws_lb",
      "name": "alb-prod",
      "provider": "provider[\"registry.terraform.io/hashicorp/aws\"]",
      "instances": [
        {
          "schema_version": 0,
          "attributes": {
            "access_logs": [
              {
                "bucket": "",
                "enabled": false,
                "prefix": ""
              }
            ],
            "arn": "arn:aws:elasticloadbalancing:eu-west-3:074677625520:loadbalancer/app/alb-prod/3d66dba9e217a534",
            "arn_suffix": "app/alb-prod/3d66dba9e217a534",
            "customer_owned_ipv4_pool": "",
            "desync_mitigation_mode": "defensive",
            "dns_name": "alb-prod-1169417472.eu-west-3.elb.amazonaws.com",
            "drop_invalid_header_fields": false,
            "enable_cross_zone_load_balancing": true,
            "enable_deletion_protection": false,
            "enable_http2": true,
            "enable_tls_version_and_cipher_suite_headers": false,
            "enable_waf_fail_open": false,
            "enable_xff_client_port": false,
            "id": "arn:aws:elasticloadbalancing:eu-west-3:074677625520:loadbalancer/app/alb-prod/3d66dba9e217a534",
            "idle_timeout": 60,
            "internal": false,
            "ip_address_type": "ipv4",
            "load_balancer_type": "application",
            "name": "alb-prod",
            "name_prefix": null,
            "preserve_host_header": false,
            "security_groups": [
              "sg-082f648d823f72334"
            ],
            "subnet_mapping": [
              {
                "allocation_id": "",
                "ipv6_address": "",
                "outpost_id": "",
                "private_ipv4_address": "",
                "subnet_id": "subnet-0465941e5705af503"
              },
              {
                "allocation_id": "",
                "ipv6_address": "",
                "outpost_id": "",
                "private_ipv4_address": "",
                "subnet_id": "subnet-0ac6955f1170d92c1"
              }
            ],
            "subnets": [
              "subnet-0465941e5705af503",
              "subnet-0ac6955f1170d92c1"
            ],
            "tags": {
              "Name": "ET2PACAAD-prod-alb"
            },
            "tags_all": {
              "Name": "ET2PACAAD-prod-alb"
            },
            "timeouts": null,
            "vpc_id": "vpc-030ce414d3812eca2",
            "xff_header_processing_mode": "append",
            "zone_id": "Z3Q77PNBQS71R4"
          },
          "sensitive_attributes": [],
          "private": "eyJlMmJmYjczMC1lY2FhLTExZTYtOGY4OC0zNDM2M2JjN2M0YzAiOnsiY3JlYXRlIjo2MDAwMDAwMDAwMDAsImRlbGV0ZSI6NjAwMDAwMDAwMDAwLCJ1cGRhdGUiOjYwMDAwMDAwMDAwMH19",
          "dependencies": [
            "module.vpc.aws_security_group.docker_sg",
            "module.vpc.aws_subnet.private-subnet-1",
            "module.vpc.aws_subnet.private-subnet-2",
            "module.vpc.aws_vpc.vpc"
          ]
        }
      ]
    },
    {
      "module": "module.prod-high-availability",
      "mode": "managed",
      "type": "aws_lb_listener",
      "name": "https-prod",
      "provider": "provider[\"registry.terraform.io/hashicorp/aws\"]",
      "instances": [
        {
          "schema_version": 0,
          "attributes": {
            "alpn_policy": null,
            "arn": "arn:aws:elasticloadbalancing:eu-west-3:074677625520:listener/app/alb-prod/3d66dba9e217a534/737340d134068d6d",
            "certificate_arn": "arn:aws:acm:eu-west-3:074677625520:certificate/588558a3-7a91-4f88-9d75-188ab6d9b8bc",
            "default_action": [
              {
                "authenticate_cognito": [],
                "authenticate_oidc": [],
                "fixed_response": [],
                "forward": [],
                "order": 1,
                "redirect": [],
                "target_group_arn": "arn:aws:elasticloadbalancing:eu-west-3:074677625520:targetgroup/prod-tg/800a9aec1b0a0b88",
                "type": "forward"
              }
            ],
            "id": "arn:aws:elasticloadbalancing:eu-west-3:074677625520:listener/app/alb-prod/3d66dba9e217a534/737340d134068d6d",
            "load_balancer_arn": "arn:aws:elasticloadbalancing:eu-west-3:074677625520:loadbalancer/app/alb-prod/3d66dba9e217a534",
            "port": 443,
            "protocol": "HTTPS",
            "ssl_policy": "ELBSecurityPolicy-2016-08",
            "tags": {},
            "tags_all": {},
            "timeouts": null
          },
          "sensitive_attributes": [],
          "private": "eyJlMmJmYjczMC1lY2FhLTExZTYtOGY4OC0zNDM2M2JjN2M0YzAiOnsicmVhZCI6NjAwMDAwMDAwMDAwfX0=",
          "dependencies": [
            "module.prod-high-availability.aws_lb.alb-prod",
            "module.prod-high-availability.aws_lb_target_group.target-group",
            "module.ssl.aws_acm_certificate.acm_certificate",
            "module.vpc.aws_security_group.docker_sg",
            "module.vpc.aws_subnet.private-subnet-1",
            "module.vpc.aws_subnet.private-subnet-2",
            "module.vpc.aws_vpc.vpc"
          ]
        }
      ]
    },
    {
      "module": "module.prod-high-availability",
      "mode": "managed",
      "type": "aws_lb_listener",
      "name": "prod-http",
      "provider": "provider[\"registry.terraform.io/hashicorp/aws\"]",
      "instances": [
        {
          "schema_version": 0,
          "attributes": {
            "alpn_policy": null,
            "arn": "arn:aws:elasticloadbalancing:eu-west-3:074677625520:listener/app/alb-prod/3d66dba9e217a534/b866e1f2e81358d5",
            "certificate_arn": null,
            "default_action": [
              {
                "authenticate_cognito": [],
                "authenticate_oidc": [],
                "fixed_response": [],
                "forward": [],
                "order": 1,
                "redirect": [],
                "target_group_arn": "arn:aws:elasticloadbalancing:eu-west-3:074677625520:targetgroup/prod-tg/800a9aec1b0a0b88",
                "type": "forward"
              }
            ],
            "id": "arn:aws:elasticloadbalancing:eu-west-3:074677625520:listener/app/alb-prod/3d66dba9e217a534/b866e1f2e81358d5",
            "load_balancer_arn": "arn:aws:elasticloadbalancing:eu-west-3:074677625520:loadbalancer/app/alb-prod/3d66dba9e217a534",
            "port": 80,
            "protocol": "HTTP",
            "ssl_policy": "",
            "tags": {},
            "tags_all": {},
            "timeouts": null
          },
          "sensitive_attributes": [],
          "private": "eyJlMmJmYjczMC1lY2FhLTExZTYtOGY4OC0zNDM2M2JjN2M0YzAiOnsicmVhZCI6NjAwMDAwMDAwMDAwfX0=",
          "dependencies": [
            "module.prod-high-availability.aws_lb.alb-prod",
            "module.prod-high-availability.aws_lb_target_group.target-group",
            "module.vpc.aws_security_group.docker_sg",
            "module.vpc.aws_subnet.private-subnet-1",
            "module.vpc.aws_subnet.private-subnet-2",
            "module.vpc.aws_vpc.vpc"
          ]
        }
      ]
    },
    {
      "module": "module.prod-high-availability",
      "mode": "managed",
      "type": "aws_lb_target_group",
      "name": "target-group",
      "provider": "provider[\"registry.terraform.io/hashicorp/aws\"]",
      "instances": [
        {
          "schema_version": 0,
          "attributes": {
            "arn": "arn:aws:elasticloadbalancing:eu-west-3:074677625520:targetgroup/prod-tg/800a9aec1b0a0b88",
            "arn_suffix": "targetgroup/prod-tg/800a9aec1b0a0b88",
            "connection_termination": false,
            "deregistration_delay": "300",
            "health_check": [
              {
                "enabled": true,
                "healthy_threshold": 3,
                "interval": 30,
                "matcher": "200",
                "path": "/",
                "port": "traffic-port",
                "protocol": "HTTP",
                "timeout": 5,
                "unhealthy_threshold": 5
              }
            ],
            "id": "arn:aws:elasticloadbalancing:eu-west-3:074677625520:targetgroup/prod-tg/800a9aec1b0a0b88",
            "ip_address_type": "ipv4",
            "lambda_multi_value_headers_enabled": false,
            "load_balancing_algorithm_type": "round_robin",
            "load_balancing_cross_zone_enabled": "use_load_balancer_configuration",
            "name": "prod-tg",
            "name_prefix": null,
            "port": 8080,
            "preserve_client_ip": null,
            "protocol": "HTTP",
            "protocol_version": "HTTP1",
            "proxy_protocol_v2": false,
            "slow_start": 0,
            "stickiness": [
              {
                "cookie_duration": 86400,
                "cookie_name": "",
                "enabled": false,
                "type": "lb_cookie"
              }
            ],
            "tags": {},
            "tags_all": {},
            "target_failover": [
              {
                "on_deregistration": null,
                "on_unhealthy": null
              }
            ],
            "target_type": "instance",
            "vpc_id": "vpc-030ce414d3812eca2"
          },
          "sensitive_attributes": [],
          "private": "bnVsbA==",
          "dependencies": [
            "module.vpc.aws_vpc.vpc"
          ]
        }
      ]
    },
    {
      "module": "module.route53",
      "mode": "data",
      "type": "aws_route53_zone",
      "name": "route53_zone",
      "provider": "provider[\"registry.terraform.io/hashicorp/aws\"]",
      "instances": [
        {
          "schema_version": 0,
          "attributes": {
            "arn": "arn:aws:route53:::hostedzone/Z0010542XEHRK0BUXVFC",
            "caller_reference": "14542370-4160-43f9-856c-2a17a7cf72b6",
            "comment": "",
            "id": "Z0010542XEHRK0BUXVFC",
            "linked_service_description": null,
            "linked_service_principal": null,
            "name": "sophieplace.com",
            "name_servers": [
              "ns-1641.awsdns-13.co.uk",
              "ns-127.awsdns-15.com",
              "ns-1481.awsdns-57.org",
              "ns-588.awsdns-09.net"
            ],
            "primary_name_server": "ns-1641.awsdns-13.co.uk",
            "private_zone": false,
            "resource_record_set_count": 5,
            "tags": {},
            "vpc_id": null,
            "zone_id": "Z0010542XEHRK0BUXVFC"
          },
          "sensitive_attributes": []
        }
      ]
    },
    {
      "module": "module.route53",
      "mode": "managed",
      "type": "aws_route53_record",
      "name": "prod",
      "provider": "provider[\"registry.terraform.io/hashicorp/aws\"]",
      "instances": [
        {
          "schema_version": 2,
          "attributes": {
            "alias": [
              {
                "evaluate_target_health": false,
                "name": "alb-prod-1169417472.eu-west-3.elb.amazonaws.com",
                "zone_id": "Z3Q77PNBQS71R4"
              }
            ],
            "allow_overwrite": null,
            "cidr_routing_policy": [],
            "failover_routing_policy": [],
            "fqdn": "prod.sophieplace.com",
            "geolocation_routing_policy": [],
            "health_check_id": "",
            "id": "Z0010542XEHRK0BUXVFC_prod.sophieplace.com_A",
            "latency_routing_policy": [],
            "multivalue_answer_routing_policy": false,
            "name": "prod.sophieplace.com",
            "records": [],
            "set_identifier": "",
            "ttl": 0,
            "type": "A",
            "weighted_routing_policy": [],
            "zone_id": "Z0010542XEHRK0BUXVFC"
          },
          "sensitive_attributes": [],
          "private": "eyJzY2hlbWFfdmVyc2lvbiI6IjIifQ==",
          "dependencies": [
            "module.prod-high-availability.aws_lb.alb-prod",
            "module.route53.data.aws_route53_zone.route53_zone",
            "module.vpc.aws_security_group.docker_sg",
            "module.vpc.aws_subnet.private-subnet-1",
            "module.vpc.aws_subnet.private-subnet-2",
            "module.vpc.aws_vpc.vpc"
          ]
        }
      ]
    },
    {
      "module": "module.route53",
      "mode": "managed",
      "type": "aws_route53_record",
      "name": "stage",
      "provider": "provider[\"registry.terraform.io/hashicorp/aws\"]",
      "instances": [
        {
          "schema_version": 2,
          "attributes": {
            "alias": [
              {
                "evaluate_target_health": false,
                "name": "stage-alb-743313371.eu-west-3.elb.amazonaws.com",
                "zone_id": "Z3Q77PNBQS71R4"
              }
            ],
            "allow_overwrite": null,
            "cidr_routing_policy": [],
            "failover_routing_policy": [],
            "fqdn": "stage.sophieplace.com",
            "geolocation_routing_policy": [],
            "health_check_id": "",
            "id": "Z0010542XEHRK0BUXVFC_stage.sophieplace.com_A",
            "latency_routing_policy": [],
            "multivalue_answer_routing_policy": false,
            "name": "stage.sophieplace.com",
            "records": [],
            "set_identifier": "",
            "ttl": 0,
            "type": "A",
            "weighted_routing_policy": [],
            "zone_id": "Z0010542XEHRK0BUXVFC"
          },
          "sensitive_attributes": [],
          "private": "eyJzY2hlbWFfdmVyc2lvbiI6IjIifQ==",
          "dependencies": [
            "module.route53.data.aws_route53_zone.route53_zone",
            "module.stage-high-availability.aws_lb.stage-alb",
            "module.vpc.aws_security_group.docker_sg",
            "module.vpc.aws_subnet.private-subnet-1",
            "module.vpc.aws_subnet.private-subnet-2",
            "module.vpc.aws_vpc.vpc"
          ]
        }
      ]
    },
    {
      "module": "module.sonarqube",
      "mode": "managed",
      "type": "aws_instance",
      "name": "sonarqube_server",
      "provider": "provider[\"registry.terraform.io/hashicorp/aws\"]",
      "instances": [
        {
          "schema_version": 1,
          "attributes": {
            "ami": "ami-05b5a865c3579bbc4",
            "arn": "arn:aws:ec2:eu-west-3:074677625520:instance/i-0493048fd550f66c1",
            "associate_public_ip_address": true,
            "availability_zone": "eu-west-3a",
            "capacity_reservation_specification": [
              {
                "capacity_reservation_preference": "open",
                "capacity_reservation_target": []
              }
            ],
            "cpu_core_count": 2,
            "cpu_options": [
              {
                "amd_sev_snp": "",
                "core_count": 2,
                "threads_per_core": 1
              }
            ],
            "cpu_threads_per_core": 1,
            "credit_specification": [
              {
                "cpu_credits": "standard"
              }
            ],
            "disable_api_stop": false,
            "disable_api_termination": false,
            "ebs_block_device": [],
            "ebs_optimized": false,
            "enclave_options": [
              {
                "enabled": false
              }
            ],
            "ephemeral_block_device": [],
            "get_password_data": false,
            "hibernation": false,
            "host_id": "",
            "host_resource_group_arn": null,
            "iam_instance_profile": "",
            "id": "i-0493048fd550f66c1",
            "instance_initiated_shutdown_behavior": "stop",
            "instance_lifecycle": "",
            "instance_market_options": [],
            "instance_state": "running",
            "instance_type": "t2.medium",
            "ipv6_address_count": 0,
            "ipv6_addresses": [],
            "key_name": "ET2PACAAD",
            "launch_template": [],
            "maintenance_options": [
              {
                "auto_recovery": "default"
              }
            ],
            "metadata_options": [
              {
                "http_endpoint": "enabled",
                "http_protocol_ipv6": "disabled",
                "http_put_response_hop_limit": 1,
                "http_tokens": "optional",
                "instance_metadata_tags": "disabled"
              }
            ],
            "monitoring": false,
            "network_interface": [],
            "outpost_arn": "",
            "password_data": "",
            "placement_group": "",
            "placement_partition_number": 0,
            "primary_network_interface_id": "eni-016a101d714376684",
            "private_dns": "ip-10-0-1-103.eu-west-3.compute.internal",
            "private_dns_name_options": [
              {
                "enable_resource_name_dns_a_record": false,
                "enable_resource_name_dns_aaaa_record": false,
                "hostname_type": "ip-name"
              }
            ],
            "private_ip": "10.0.1.103",
            "public_dns": "",
            "public_ip": "15.237.180.16",
            "root_block_device": [
              {
                "delete_on_termination": true,
                "device_name": "/dev/sda1",
                "encrypted": false,
                "iops": 100,
                "kms_key_id": "",
                "tags": {},
                "throughput": 0,
                "volume_id": "vol-071b4a07ed029c851",
                "volume_size": 8,
                "volume_type": "gp2"
              }
            ],
            "secondary_private_ips": [],
            "security_groups": [],
            "source_dest_check": true,
            "spot_instance_request_id": "",
            "subnet_id": "subnet-0775ed0dfd56282f1",
            "tags": {
              "Name": "ET2PACAAD-sonarqube-server"
            },
            "tags_all": {
              "Name": "ET2PACAAD-sonarqube-server"
            },
            "tenancy": "default",
            "timeouts": null,
            "user_data": "fc95db2000c525ed2b9cd55dc975aa2cc1f24a09",
            "user_data_base64": null,
            "user_data_replace_on_change": false,
            "volume_tags": null,
            "vpc_security_group_ids": [
              "sg-09caa2b5b3d4363a4"
            ]
          },
          "sensitive_attributes": [],
          "private": "eyJlMmJmYjczMC1lY2FhLTExZTYtOGY4OC0zNDM2M2JjN2M0YzAiOnsiY3JlYXRlIjo2MDAwMDAwMDAwMDAsImRlbGV0ZSI6MTIwMDAwMDAwMDAwMCwidXBkYXRlIjo2MDAwMDAwMDAwMDB9LCJzY2hlbWFfdmVyc2lvbiI6IjEifQ==",
          "dependencies": [
            "module.vpc.aws_key_pair.keypair",
            "module.vpc.aws_security_group.sonarqube_sg",
            "module.vpc.aws_subnet.public-subnet-1",
            "module.vpc.aws_vpc.vpc"
          ]
        }
      ]
    },
    {
      "module": "module.ssl",
      "mode": "data",
      "type": "aws_route53_zone",
      "name": "route53_zone",
      "provider": "provider[\"registry.terraform.io/hashicorp/aws\"]",
      "instances": [
        {
          "schema_version": 0,
          "attributes": {
            "arn": "arn:aws:route53:::hostedzone/Z0010542XEHRK0BUXVFC",
            "caller_reference": "14542370-4160-43f9-856c-2a17a7cf72b6",
            "comment": "",
            "id": "Z0010542XEHRK0BUXVFC",
            "linked_service_description": null,
            "linked_service_principal": null,
            "name": "sophieplace.com",
            "name_servers": [
              "ns-1641.awsdns-13.co.uk",
              "ns-127.awsdns-15.com",
              "ns-1481.awsdns-57.org",
              "ns-588.awsdns-09.net"
            ],
            "primary_name_server": "ns-1641.awsdns-13.co.uk",
            "private_zone": false,
            "resource_record_set_count": 5,
            "tags": {},
            "vpc_id": null,
            "zone_id": "Z0010542XEHRK0BUXVFC"
          },
          "sensitive_attributes": []
        }
      ]
    },
    {
      "module": "module.ssl",
      "mode": "managed",
      "type": "aws_acm_certificate",
      "name": "acm_certificate",
      "provider": "provider[\"registry.terraform.io/hashicorp/aws\"]",
      "instances": [
        {
          "schema_version": 0,
          "attributes": {
            "arn": "arn:aws:acm:eu-west-3:074677625520:certificate/588558a3-7a91-4f88-9d75-188ab6d9b8bc",
            "certificate_authority_arn": "",
            "certificate_body": null,
            "certificate_chain": null,
            "domain_name": "sophieplace.com",
            "domain_validation_options": [
              {
                "domain_name": "*.sophieplace.com",
                "resource_record_name": "_306a6a98f577cbf523a35e9e1294ef97.sophieplace.com.",
                "resource_record_type": "CNAME",
                "resource_record_value": "_dbea119bae170b77379b1e46fa9eeb7a.pwmqblccxr.acm-validations.aws."
              },
              {
                "domain_name": "sophieplace.com",
                "resource_record_name": "_306a6a98f577cbf523a35e9e1294ef97.sophieplace.com.",
                "resource_record_type": "CNAME",
                "resource_record_value": "_dbea119bae170b77379b1e46fa9eeb7a.pwmqblccxr.acm-validations.aws."
              }
            ],
            "early_renewal_duration": "",
            "id": "arn:aws:acm:eu-west-3:074677625520:certificate/588558a3-7a91-4f88-9d75-188ab6d9b8bc",
            "key_algorithm": "RSA_2048",
            "not_after": "2024-10-12T23:59:59Z",
            "not_before": "2023-09-14T00:00:00Z",
            "options": [
              {
                "certificate_transparency_logging_preference": "ENABLED"
              }
            ],
            "pending_renewal": false,
            "private_key": null,
            "renewal_eligibility": "ELIGIBLE",
            "renewal_summary": [],
            "status": "ISSUED",
            "subject_alternative_names": [
              "*.sophieplace.com",
              "sophieplace.com"
            ],
            "tags": {},
            "tags_all": {},
            "type": "AMAZON_ISSUED",
            "validation_emails": [],
            "validation_method": "DNS",
            "validation_option": []
          },
          "sensitive_attributes": [],
          "private": "bnVsbA==",
          "create_before_destroy": true
        }
      ]
    },
    {
      "module": "module.ssl",
      "mode": "managed",
      "type": "aws_acm_certificate_validation",
      "name": "acm_certificate_validation",
      "provider": "provider[\"registry.terraform.io/hashicorp/aws\"]",
      "instances": [
        {
          "schema_version": 0,
          "attributes": {
            "certificate_arn": "arn:aws:acm:eu-west-3:074677625520:certificate/588558a3-7a91-4f88-9d75-188ab6d9b8bc",
            "id": "2023-09-14 20:26:21.347 +0000 UTC",
            "timeouts": null,
            "validation_record_fqdns": [
              "_306a6a98f577cbf523a35e9e1294ef97.sophieplace.com"
            ]
          },
          "sensitive_attributes": [],
          "private": "eyJlMmJmYjczMC1lY2FhLTExZTYtOGY4OC0zNDM2M2JjN2M0YzAiOnsiY3JlYXRlIjo0NTAwMDAwMDAwMDAwfX0=",
          "dependencies": [
            "module.ssl.aws_acm_certificate.acm_certificate",
            "module.ssl.aws_route53_record.validation_record",
            "module.ssl.data.aws_route53_zone.route53_zone"
          ]
        }
      ]
    },
    {
      "module": "module.ssl",
      "mode": "managed",
      "type": "aws_route53_record",
      "name": "validation_record",
      "provider": "provider[\"registry.terraform.io/hashicorp/aws\"]",
      "instances": [
        {
          "index_key": "*.sophieplace.com",
          "schema_version": 2,
          "attributes": {
            "alias": [],
            "allow_overwrite": true,
            "cidr_routing_policy": [],
            "failover_routing_policy": [],
            "fqdn": "_306a6a98f577cbf523a35e9e1294ef97.sophieplace.com",
            "geolocation_routing_policy": [],
            "health_check_id": "",
            "id": "Z0010542XEHRK0BUXVFC__306a6a98f577cbf523a35e9e1294ef97.sophieplace.com._CNAME",
            "latency_routing_policy": [],
            "multivalue_answer_routing_policy": false,
            "name": "_306a6a98f577cbf523a35e9e1294ef97.sophieplace.com",
            "records": [
              "_dbea119bae170b77379b1e46fa9eeb7a.pwmqblccxr.acm-validations.aws."
            ],
            "set_identifier": "",
            "ttl": 60,
            "type": "CNAME",
            "weighted_routing_policy": [],
            "zone_id": "Z0010542XEHRK0BUXVFC"
          },
          "sensitive_attributes": [],
          "private": "eyJzY2hlbWFfdmVyc2lvbiI6IjIifQ==",
          "dependencies": [
            "module.ssl.aws_acm_certificate.acm_certificate",
            "module.ssl.data.aws_route53_zone.route53_zone"
          ]
        },
        {
          "index_key": "sophieplace.com",
          "schema_version": 2,
          "attributes": {
            "alias": [],
            "allow_overwrite": true,
            "cidr_routing_policy": [],
            "failover_routing_policy": [],
            "fqdn": "_306a6a98f577cbf523a35e9e1294ef97.sophieplace.com",
            "geolocation_routing_policy": [],
            "health_check_id": "",
            "id": "Z0010542XEHRK0BUXVFC__306a6a98f577cbf523a35e9e1294ef97.sophieplace.com._CNAME",
            "latency_routing_policy": [],
            "multivalue_answer_routing_policy": false,
            "name": "_306a6a98f577cbf523a35e9e1294ef97.sophieplace.com",
            "records": [
              "_dbea119bae170b77379b1e46fa9eeb7a.pwmqblccxr.acm-validations.aws."
            ],
            "set_identifier": "",
            "ttl": 60,
            "type": "CNAME",
            "weighted_routing_policy": [],
            "zone_id": "Z0010542XEHRK0BUXVFC"
          },
          "sensitive_attributes": [],
          "private": "eyJzY2hlbWFfdmVyc2lvbiI6IjIifQ==",
          "dependencies": [
            "module.ssl.aws_acm_certificate.acm_certificate",
            "module.ssl.data.aws_route53_zone.route53_zone"
          ]
        }
      ]
    },
    {
      "module": "module.stage-high-availability",
      "mode": "managed",
      "type": "aws_lb",
      "name": "stage-alb",
      "provider": "provider[\"registry.terraform.io/hashicorp/aws\"]",
      "instances": [
        {
          "schema_version": 0,
          "attributes": {
            "access_logs": [
              {
                "bucket": "",
                "enabled": false,
                "prefix": ""
              }
            ],
            "arn": "arn:aws:elasticloadbalancing:eu-west-3:074677625520:loadbalancer/app/stage-alb/a585d84280ec1720",
            "arn_suffix": "app/stage-alb/a585d84280ec1720",
            "customer_owned_ipv4_pool": "",
            "desync_mitigation_mode": "defensive",
            "dns_name": "stage-alb-743313371.eu-west-3.elb.amazonaws.com",
            "drop_invalid_header_fields": false,
            "enable_cross_zone_load_balancing": true,
            "enable_deletion_protection": false,
            "enable_http2": true,
            "enable_tls_version_and_cipher_suite_headers": false,
            "enable_waf_fail_open": false,
            "enable_xff_client_port": false,
            "id": "arn:aws:elasticloadbalancing:eu-west-3:074677625520:loadbalancer/app/stage-alb/a585d84280ec1720",
            "idle_timeout": 60,
            "internal": false,
            "ip_address_type": "ipv4",
            "load_balancer_type": "application",
            "name": "stage-alb",
            "name_prefix": null,
            "preserve_host_header": false,
            "security_groups": [
              "sg-082f648d823f72334"
            ],
            "subnet_mapping": [
              {
                "allocation_id": "",
                "ipv6_address": "",
                "outpost_id": "",
                "private_ipv4_address": "",
                "subnet_id": "subnet-0465941e5705af503"
              },
              {
                "allocation_id": "",
                "ipv6_address": "",
                "outpost_id": "",
                "private_ipv4_address": "",
                "subnet_id": "subnet-0ac6955f1170d92c1"
              }
            ],
            "subnets": [
              "subnet-0465941e5705af503",
              "subnet-0ac6955f1170d92c1"
            ],
            "tags": {
              "Name": "ET2PACAAD-stage-alb"
            },
            "tags_all": {
              "Name": "ET2PACAAD-stage-alb"
            },
            "timeouts": null,
            "vpc_id": "vpc-030ce414d3812eca2",
            "xff_header_processing_mode": "append",
            "zone_id": "Z3Q77PNBQS71R4"
          },
          "sensitive_attributes": [],
          "private": "eyJlMmJmYjczMC1lY2FhLTExZTYtOGY4OC0zNDM2M2JjN2M0YzAiOnsiY3JlYXRlIjo2MDAwMDAwMDAwMDAsImRlbGV0ZSI6NjAwMDAwMDAwMDAwLCJ1cGRhdGUiOjYwMDAwMDAwMDAwMH19",
          "dependencies": [
            "module.vpc.aws_security_group.docker_sg",
            "module.vpc.aws_subnet.private-subnet-1",
            "module.vpc.aws_subnet.private-subnet-2",
            "module.vpc.aws_vpc.vpc"
          ]
        }
      ]
    },
    {
      "module": "module.stage-high-availability",
      "mode": "managed",
      "type": "aws_lb_listener",
      "name": "https-stage",
      "provider": "provider[\"registry.terraform.io/hashicorp/aws\"]",
      "instances": [
        {
          "schema_version": 0,
          "attributes": {
            "alpn_policy": null,
            "arn": "arn:aws:elasticloadbalancing:eu-west-3:074677625520:listener/app/stage-alb/a585d84280ec1720/179bd8b1ef04cc2b",
            "certificate_arn": "arn:aws:acm:eu-west-3:074677625520:certificate/588558a3-7a91-4f88-9d75-188ab6d9b8bc",
            "default_action": [
              {
                "authenticate_cognito": [],
                "authenticate_oidc": [],
                "fixed_response": [],
                "forward": [],
                "order": 1,
                "redirect": [],
                "target_group_arn": "arn:aws:elasticloadbalancing:eu-west-3:074677625520:targetgroup/stage-tg/c0473b6121857329",
                "type": "forward"
              }
            ],
            "id": "arn:aws:elasticloadbalancing:eu-west-3:074677625520:listener/app/stage-alb/a585d84280ec1720/179bd8b1ef04cc2b",
            "load_balancer_arn": "arn:aws:elasticloadbalancing:eu-west-3:074677625520:loadbalancer/app/stage-alb/a585d84280ec1720",
            "port": 443,
            "protocol": "HTTPS",
            "ssl_policy": "ELBSecurityPolicy-2016-08",
            "tags": {},
            "tags_all": {},
            "timeouts": null
          },
          "sensitive_attributes": [],
          "private": "eyJlMmJmYjczMC1lY2FhLTExZTYtOGY4OC0zNDM2M2JjN2M0YzAiOnsicmVhZCI6NjAwMDAwMDAwMDAwfX0=",
          "dependencies": [
            "module.ssl.aws_acm_certificate.acm_certificate",
            "module.stage-high-availability.aws_lb.stage-alb",
            "module.stage-high-availability.aws_lb_target_group.target-group",
            "module.vpc.aws_security_group.docker_sg",
            "module.vpc.aws_subnet.private-subnet-1",
            "module.vpc.aws_subnet.private-subnet-2",
            "module.vpc.aws_vpc.vpc"
          ]
        }
      ]
    },
    {
      "module": "module.stage-high-availability",
      "mode": "managed",
      "type": "aws_lb_listener",
      "name": "stage-http",
      "provider": "provider[\"registry.terraform.io/hashicorp/aws\"]",
      "instances": [
        {
          "schema_version": 0,
          "attributes": {
            "alpn_policy": null,
            "arn": "arn:aws:elasticloadbalancing:eu-west-3:074677625520:listener/app/stage-alb/a585d84280ec1720/4aaee30fec6626bd",
            "certificate_arn": null,
            "default_action": [
              {
                "authenticate_cognito": [],
                "authenticate_oidc": [],
                "fixed_response": [],
                "forward": [],
                "order": 1,
                "redirect": [],
                "target_group_arn": "arn:aws:elasticloadbalancing:eu-west-3:074677625520:targetgroup/stage-tg/c0473b6121857329",
                "type": "forward"
              }
            ],
            "id": "arn:aws:elasticloadbalancing:eu-west-3:074677625520:listener/app/stage-alb/a585d84280ec1720/4aaee30fec6626bd",
            "load_balancer_arn": "arn:aws:elasticloadbalancing:eu-west-3:074677625520:loadbalancer/app/stage-alb/a585d84280ec1720",
            "port": 80,
            "protocol": "HTTP",
            "ssl_policy": "",
            "tags": {},
            "tags_all": {},
            "timeouts": null
          },
          "sensitive_attributes": [],
          "private": "eyJlMmJmYjczMC1lY2FhLTExZTYtOGY4OC0zNDM2M2JjN2M0YzAiOnsicmVhZCI6NjAwMDAwMDAwMDAwfX0=",
          "dependencies": [
            "module.stage-high-availability.aws_lb.stage-alb",
            "module.stage-high-availability.aws_lb_target_group.target-group",
            "module.vpc.aws_security_group.docker_sg",
            "module.vpc.aws_subnet.private-subnet-1",
            "module.vpc.aws_subnet.private-subnet-2",
            "module.vpc.aws_vpc.vpc"
          ]
        }
      ]
    },
    {
      "module": "module.stage-high-availability",
      "mode": "managed",
      "type": "aws_lb_target_group",
      "name": "target-group",
      "provider": "provider[\"registry.terraform.io/hashicorp/aws\"]",
      "instances": [
        {
          "schema_version": 0,
          "attributes": {
            "arn": "arn:aws:elasticloadbalancing:eu-west-3:074677625520:targetgroup/stage-tg/c0473b6121857329",
            "arn_suffix": "targetgroup/stage-tg/c0473b6121857329",
            "connection_termination": false,
            "deregistration_delay": "300",
            "health_check": [
              {
                "enabled": true,
                "healthy_threshold": 3,
                "interval": 30,
                "matcher": "200",
                "path": "/",
                "port": "traffic-port",
                "protocol": "HTTP",
                "timeout": 5,
                "unhealthy_threshold": 5
              }
            ],
            "id": "arn:aws:elasticloadbalancing:eu-west-3:074677625520:targetgroup/stage-tg/c0473b6121857329",
            "ip_address_type": "ipv4",
            "lambda_multi_value_headers_enabled": false,
            "load_balancing_algorithm_type": "round_robin",
            "load_balancing_cross_zone_enabled": "use_load_balancer_configuration",
            "name": "stage-tg",
            "name_prefix": null,
            "port": 8080,
            "preserve_client_ip": null,
            "protocol": "HTTP",
            "protocol_version": "HTTP1",
            "proxy_protocol_v2": false,
            "slow_start": 0,
            "stickiness": [
              {
                "cookie_duration": 86400,
                "cookie_name": "",
                "enabled": false,
                "type": "lb_cookie"
              }
            ],
            "tags": {},
            "tags_all": {},
            "target_failover": [
              {
                "on_deregistration": null,
                "on_unhealthy": null
              }
            ],
            "target_type": "instance",
            "vpc_id": "vpc-030ce414d3812eca2"
          },
          "sensitive_attributes": [],
          "private": "bnVsbA==",
          "dependencies": [
            "module.vpc.aws_vpc.vpc"
          ]
        }
      ]
    },
    {
      "module": "module.vpc",
      "mode": "managed",
      "type": "aws_eip",
      "name": "eip",
      "provider": "provider[\"registry.terraform.io/hashicorp/aws\"]",
      "instances": [
        {
          "schema_version": 0,
          "attributes": {
            "address": null,
            "allocation_id": "eipalloc-02b22c1a6c0fdbed4",
            "associate_with_private_ip": null,
            "association_id": "eipassoc-02d6f46c5e4948e80",
            "carrier_ip": "",
            "customer_owned_ip": "",
            "customer_owned_ipv4_pool": "",
            "domain": "vpc",
            "id": "eipalloc-02b22c1a6c0fdbed4",
            "instance": "",
            "network_border_group": "eu-west-3",
            "network_interface": "eni-083c61893e26f4356",
            "private_dns": "ip-10-0-1-194.eu-west-3.compute.internal",
            "private_ip": "10.0.1.194",
            "public_dns": "ec2-13-39-176-8.eu-west-3.compute.amazonaws.com",
            "public_ip": "13.39.176.8",
            "public_ipv4_pool": "amazon",
            "tags": {},
            "tags_all": {},
            "timeouts": null,
            "vpc": true
          },
          "sensitive_attributes": [],
          "private": "eyJlMmJmYjczMC1lY2FhLTExZTYtOGY4OC0zNDM2M2JjN2M0YzAiOnsiZGVsZXRlIjoxODAwMDAwMDAwMDAsInJlYWQiOjkwMDAwMDAwMDAwMCwidXBkYXRlIjozMDAwMDAwMDAwMDB9fQ==",
          "dependencies": [
            "module.vpc.aws_internet_gateway.igw",
            "module.vpc.aws_vpc.vpc"
          ]
        }
      ]
    },
    {
      "module": "module.vpc",
      "mode": "managed",
      "type": "aws_internet_gateway",
      "name": "igw",
      "provider": "provider[\"registry.terraform.io/hashicorp/aws\"]",
      "instances": [
        {
          "schema_version": 0,
          "attributes": {
            "arn": "arn:aws:ec2:eu-west-3:074677625520:internet-gateway/igw-015e0442a366370ec",
            "id": "igw-015e0442a366370ec",
            "owner_id": "074677625520",
            "tags": {
              "Name": "ET2PACAAD-igw"
            },
            "tags_all": {
              "Name": "ET2PACAAD-igw"
            },
            "timeouts": null,
            "vpc_id": "vpc-030ce414d3812eca2"
          },
          "sensitive_attributes": [],
          "private": "eyJlMmJmYjczMC1lY2FhLTExZTYtOGY4OC0zNDM2M2JjN2M0YzAiOnsiY3JlYXRlIjoxMjAwMDAwMDAwMDAwLCJkZWxldGUiOjEyMDAwMDAwMDAwMDAsInVwZGF0ZSI6MTIwMDAwMDAwMDAwMH19",
          "dependencies": [
            "module.vpc.aws_vpc.vpc"
          ]
        }
      ]
    },
    {
      "module": "module.vpc",
      "mode": "managed",
      "type": "aws_key_pair",
      "name": "keypair",
      "provider": "provider[\"registry.terraform.io/hashicorp/aws\"]",
      "instances": [
        {
          "schema_version": 1,
          "attributes": {
            "arn": "arn:aws:ec2:eu-west-3:074677625520:key-pair/ET2PACAAD",
            "fingerprint": "6f:0a:6d:ae:15:02:18:ed:0a:b8:46:83:85:dc:98:0b",
            "id": "ET2PACAAD",
            "key_name": "ET2PACAAD",
            "key_name_prefix": "",
            "key_pair_id": "key-0718709d8332ce236",
            "key_type": "rsa",
            "public_key": "ssh-rsa AAAAB3NzaC1yc2EAAAADAQABAAABgQDMAlGHPzCGxC4kWFk99iHoMwQ2M/G+iEr7f6nIz8vy5QMD+HJaJ7dM9wc21utVjyA4H2XgJDZIW6c0Xul9HX+O0bduOfA597PrRHFJtIxpTxmCqud0cuA6Xlpq+AyC57j1+p9kiDqH1hs9km+hlk4WfKMwOb51r6McujLWYFBY/rbulpmfb8uBwoygXl4zADgLGUKGEZAdWmw31oPfSJZ+wlION9NqMjTKXpp9jHjXcAGkMwPcAppY5kfTRvHGtHUlcqqzj0g/DxZzbNkdVulBKheL8uFISWT0DP59SxxUIkjcYGgCKy3FaGvIPZ+iY9cVeLMsdoIHlcifN/AMIz97zRFhxemqq7hAn4xMCr51qtSKKnrN4hgYZEF/Oyfj1UjVHREbLqBwLH3ThI7vDjwpVIR7oC4DGwz7b3Mcl/5B2URNgC4wrTpczfZeBMvpLUXI/zPyFpn2yM7BqeM3EiJQ8RXVFzdW0rzDPBFckM1s6bYnWTcN/tS4jvkzfNQsJVs= adesu@SUSAN",
            "tags": {
              "Name": "ET2PACAAD-keypair"
            },
            "tags_all": {
              "Name": "ET2PACAAD-keypair"
            }
          },
          "sensitive_attributes": [],
          "private": "eyJzY2hlbWFfdmVyc2lvbiI6IjEifQ=="
        }
      ]
    },
    {
      "module": "module.vpc",
      "mode": "managed",
      "type": "aws_nat_gateway",
      "name": "ngw",
      "provider": "provider[\"registry.terraform.io/hashicorp/aws\"]",
      "instances": [
        {
          "schema_version": 0,
          "attributes": {
            "allocation_id": "eipalloc-02b22c1a6c0fdbed4",
            "association_id": "eipassoc-02d6f46c5e4948e80",
            "connectivity_type": "public",
            "id": "nat-0fe54d9827041aa97",
            "network_interface_id": "eni-083c61893e26f4356",
            "private_ip": "10.0.1.194",
            "public_ip": "13.39.176.8",
            "secondary_allocation_ids": [],
            "secondary_private_ip_address_count": 0,
            "secondary_private_ip_addresses": [],
            "subnet_id": "subnet-0775ed0dfd56282f1",
            "tags": {
              "Name": "ET2PACAAD-ngw"
            },
            "tags_all": {
              "Name": "ET2PACAAD-ngw"
            },
            "timeouts": null
          },
          "sensitive_attributes": [],
          "private": "eyJlMmJmYjczMC1lY2FhLTExZTYtOGY4OC0zNDM2M2JjN2M0YzAiOnsiY3JlYXRlIjo2MDAwMDAwMDAwMDAsImRlbGV0ZSI6MTgwMDAwMDAwMDAwMCwidXBkYXRlIjo2MDAwMDAwMDAwMDB9fQ==",
          "dependencies": [
            "module.vpc.aws_eip.eip",
            "module.vpc.aws_internet_gateway.igw",
            "module.vpc.aws_subnet.public-subnet-1",
            "module.vpc.aws_vpc.vpc"
          ]
        }
      ]
    },
    {
      "module": "module.vpc",
      "mode": "managed",
      "type": "aws_route_table",
      "name": "private_rt",
      "provider": "provider[\"registry.terraform.io/hashicorp/aws\"]",
      "instances": [
        {
          "schema_version": 0,
          "attributes": {
            "arn": "arn:aws:ec2:eu-west-3:074677625520:route-table/rtb-0b764c183905d8525",
            "id": "rtb-0b764c183905d8525",
            "owner_id": "074677625520",
            "propagating_vgws": [],
            "route": [
              {
                "carrier_gateway_id": "",
                "cidr_block": "0.0.0.0/0",
                "core_network_arn": "",
                "destination_prefix_list_id": "",
                "egress_only_gateway_id": "",
                "gateway_id": "",
                "ipv6_cidr_block": "",
                "local_gateway_id": "",
                "nat_gateway_id": "nat-0fe54d9827041aa97",
                "network_interface_id": "",
                "transit_gateway_id": "",
                "vpc_endpoint_id": "",
                "vpc_peering_connection_id": ""
              }
            ],
            "tags": {
              "Name": "ET2PACAAD-private_rt"
            },
            "tags_all": {
              "Name": "ET2PACAAD-private_rt"
            },
            "timeouts": null,
            "vpc_id": "vpc-030ce414d3812eca2"
          },
          "sensitive_attributes": [],
          "private": "eyJlMmJmYjczMC1lY2FhLTExZTYtOGY4OC0zNDM2M2JjN2M0YzAiOnsiY3JlYXRlIjozMDAwMDAwMDAwMDAsImRlbGV0ZSI6MzAwMDAwMDAwMDAwLCJ1cGRhdGUiOjEyMDAwMDAwMDAwMH19",
          "dependencies": [
            "module.vpc.aws_eip.eip",
            "module.vpc.aws_internet_gateway.igw",
            "module.vpc.aws_nat_gateway.ngw",
            "module.vpc.aws_subnet.public-subnet-1",
            "module.vpc.aws_vpc.vpc"
          ]
        }
      ]
    },
    {
      "module": "module.vpc",
      "mode": "managed",
      "type": "aws_route_table",
      "name": "public_rt",
      "provider": "provider[\"registry.terraform.io/hashicorp/aws\"]",
      "instances": [
        {
          "schema_version": 0,
          "attributes": {
            "arn": "arn:aws:ec2:eu-west-3:074677625520:route-table/rtb-05d4e7a0e911c4d15",
            "id": "rtb-05d4e7a0e911c4d15",
            "owner_id": "074677625520",
            "propagating_vgws": [],
            "route": [
              {
                "carrier_gateway_id": "",
                "cidr_block": "0.0.0.0/0",
                "core_network_arn": "",
                "destination_prefix_list_id": "",
                "egress_only_gateway_id": "",
                "gateway_id": "igw-015e0442a366370ec",
                "ipv6_cidr_block": "",
                "local_gateway_id": "",
                "nat_gateway_id": "",
                "network_interface_id": "",
                "transit_gateway_id": "",
                "vpc_endpoint_id": "",
                "vpc_peering_connection_id": ""
              }
            ],
            "tags": {
              "Name": "ET2PACAAD-public_rt"
            },
            "tags_all": {
              "Name": "ET2PACAAD-public_rt"
            },
            "timeouts": null,
            "vpc_id": "vpc-030ce414d3812eca2"
          },
          "sensitive_attributes": [],
          "private": "eyJlMmJmYjczMC1lY2FhLTExZTYtOGY4OC0zNDM2M2JjN2M0YzAiOnsiY3JlYXRlIjozMDAwMDAwMDAwMDAsImRlbGV0ZSI6MzAwMDAwMDAwMDAwLCJ1cGRhdGUiOjEyMDAwMDAwMDAwMH19",
          "dependencies": [
            "module.vpc.aws_internet_gateway.igw",
            "module.vpc.aws_vpc.vpc"
          ]
        }
      ]
    },
    {
      "module": "module.vpc",
      "mode": "managed",
      "type": "aws_route_table_association",
      "name": "private_rt_SN1",
      "provider": "provider[\"registry.terraform.io/hashicorp/aws\"]",
      "instances": [
        {
          "schema_version": 0,
          "attributes": {
            "gateway_id": "",
            "id": "rtbassoc-025ff27762ec3edf8",
            "route_table_id": "rtb-0b764c183905d8525",
            "subnet_id": "subnet-0ac6955f1170d92c1",
            "timeouts": null
          },
          "sensitive_attributes": [],
          "private": "eyJlMmJmYjczMC1lY2FhLTExZTYtOGY4OC0zNDM2M2JjN2M0YzAiOnsiY3JlYXRlIjozMDAwMDAwMDAwMDAsImRlbGV0ZSI6MzAwMDAwMDAwMDAwLCJ1cGRhdGUiOjEyMDAwMDAwMDAwMH19",
          "dependencies": [
            "module.vpc.aws_eip.eip",
            "module.vpc.aws_internet_gateway.igw",
            "module.vpc.aws_nat_gateway.ngw",
            "module.vpc.aws_route_table.private_rt",
            "module.vpc.aws_subnet.private-subnet-1",
            "module.vpc.aws_subnet.public-subnet-1",
            "module.vpc.aws_vpc.vpc"
          ]
        }
      ]
    },
    {
      "module": "module.vpc",
      "mode": "managed",
      "type": "aws_route_table_association",
      "name": "private_rt_SN2",
      "provider": "provider[\"registry.terraform.io/hashicorp/aws\"]",
      "instances": [
        {
          "schema_version": 0,
          "attributes": {
            "gateway_id": "",
            "id": "rtbassoc-0fc0c144c3a666561",
            "route_table_id": "rtb-0b764c183905d8525",
            "subnet_id": "subnet-0465941e5705af503",
            "timeouts": null
          },
          "sensitive_attributes": [],
          "private": "eyJlMmJmYjczMC1lY2FhLTExZTYtOGY4OC0zNDM2M2JjN2M0YzAiOnsiY3JlYXRlIjozMDAwMDAwMDAwMDAsImRlbGV0ZSI6MzAwMDAwMDAwMDAwLCJ1cGRhdGUiOjEyMDAwMDAwMDAwMH19",
          "dependencies": [
            "module.vpc.aws_eip.eip",
            "module.vpc.aws_internet_gateway.igw",
            "module.vpc.aws_nat_gateway.ngw",
            "module.vpc.aws_route_table.private_rt",
            "module.vpc.aws_subnet.private-subnet-2",
            "module.vpc.aws_subnet.public-subnet-1",
            "module.vpc.aws_vpc.vpc"
          ]
        }
      ]
    },
    {
      "module": "module.vpc",
      "mode": "managed",
      "type": "aws_route_table_association",
      "name": "public_rt_SN1",
      "provider": "provider[\"registry.terraform.io/hashicorp/aws\"]",
      "instances": [
        {
          "schema_version": 0,
          "attributes": {
            "gateway_id": "",
            "id": "rtbassoc-0a2661b79df0ed8a5",
            "route_table_id": "rtb-05d4e7a0e911c4d15",
            "subnet_id": "subnet-0775ed0dfd56282f1",
            "timeouts": null
          },
          "sensitive_attributes": [],
          "private": "eyJlMmJmYjczMC1lY2FhLTExZTYtOGY4OC0zNDM2M2JjN2M0YzAiOnsiY3JlYXRlIjozMDAwMDAwMDAwMDAsImRlbGV0ZSI6MzAwMDAwMDAwMDAwLCJ1cGRhdGUiOjEyMDAwMDAwMDAwMH19",
          "dependencies": [
            "module.vpc.aws_internet_gateway.igw",
            "module.vpc.aws_route_table.public_rt",
            "module.vpc.aws_subnet.public-subnet-1",
            "module.vpc.aws_vpc.vpc"
          ]
        }
      ]
    },
    {
      "module": "module.vpc",
      "mode": "managed",
      "type": "aws_route_table_association",
      "name": "public_rt_SN2",
      "provider": "provider[\"registry.terraform.io/hashicorp/aws\"]",
      "instances": [
        {
          "schema_version": 0,
          "attributes": {
            "gateway_id": "",
            "id": "rtbassoc-064d6f37ccced3e6a",
            "route_table_id": "rtb-05d4e7a0e911c4d15",
            "subnet_id": "subnet-044d1cc6272fcc83a",
            "timeouts": null
          },
          "sensitive_attributes": [],
          "private": "eyJlMmJmYjczMC1lY2FhLTExZTYtOGY4OC0zNDM2M2JjN2M0YzAiOnsiY3JlYXRlIjozMDAwMDAwMDAwMDAsImRlbGV0ZSI6MzAwMDAwMDAwMDAwLCJ1cGRhdGUiOjEyMDAwMDAwMDAwMH19",
          "dependencies": [
            "module.vpc.aws_internet_gateway.igw",
            "module.vpc.aws_route_table.public_rt",
            "module.vpc.aws_subnet.public-subnet-2",
            "module.vpc.aws_vpc.vpc"
          ]
        }
      ]
    },
    {
      "module": "module.vpc",
      "mode": "managed",
      "type": "aws_security_group",
      "name": "bastion_Ansible_sg",
      "provider": "provider[\"registry.terraform.io/hashicorp/aws\"]",
      "instances": [
        {
          "schema_version": 1,
          "attributes": {
            "arn": "arn:aws:ec2:eu-west-3:074677625520:security-group/sg-03ebaca3de6211e46",
            "description": "Allow inbound traffic",
            "egress": [
              {
                "cidr_blocks": [
                  "0.0.0.0/0"
                ],
                "description": "",
                "from_port": 0,
                "ipv6_cidr_blocks": [],
                "prefix_list_ids": [],
                "protocol": "-1",
                "security_groups": [],
                "self": false,
                "to_port": 0
              }
            ],
            "id": "sg-03ebaca3de6211e46",
            "ingress": [
              {
                "cidr_blocks": [
                  "0.0.0.0/0"
                ],
                "description": "SSH access",
                "from_port": 22,
                "ipv6_cidr_blocks": [],
                "prefix_list_ids": [],
                "protocol": "tcp",
                "security_groups": [],
                "self": false,
                "to_port": 22
              }
            ],
            "name": "bastion_Ansible",
            "name_prefix": "",
            "owner_id": "074677625520",
            "revoke_rules_on_delete": false,
            "tags": {
              "Name": "ET2PACAAD-bastion_ansible-sg"
            },
            "tags_all": {
              "Name": "ET2PACAAD-bastion_ansible-sg"
            },
            "timeouts": null,
            "vpc_id": "vpc-030ce414d3812eca2"
          },
          "sensitive_attributes": [],
          "private": "eyJlMmJmYjczMC1lY2FhLTExZTYtOGY4OC0zNDM2M2JjN2M0YzAiOnsiY3JlYXRlIjo2MDAwMDAwMDAwMDAsImRlbGV0ZSI6OTAwMDAwMDAwMDAwfSwic2NoZW1hX3ZlcnNpb24iOiIxIn0=",
          "dependencies": [
            "module.vpc.aws_vpc.vpc"
          ]
        }
      ]
    },
    {
      "module": "module.vpc",
      "mode": "managed",
      "type": "aws_security_group",
      "name": "docker_sg",
      "provider": "provider[\"registry.terraform.io/hashicorp/aws\"]",
      "instances": [
        {
          "schema_version": 1,
          "attributes": {
            "arn": "arn:aws:ec2:eu-west-3:074677625520:security-group/sg-082f648d823f72334",
            "description": "Allow inbound traffic",
            "egress": [
              {
                "cidr_blocks": [
                  "0.0.0.0/0"
                ],
                "description": "",
                "from_port": 0,
                "ipv6_cidr_blocks": [],
                "prefix_list_ids": [],
                "protocol": "-1",
                "security_groups": [],
                "self": false,
                "to_port": 0
              }
            ],
            "id": "sg-082f648d823f72334",
            "ingress": [
              {
                "cidr_blocks": [
                  "0.0.0.0/0"
                ],
                "description": "HTTP access",
                "from_port": 80,
                "ipv6_cidr_blocks": [],
                "prefix_list_ids": [],
                "protocol": "tcp",
                "security_groups": [],
                "self": false,
                "to_port": 80
              },
              {
                "cidr_blocks": [
                  "0.0.0.0/0"
                ],
                "description": "HTTPS access",
                "from_port": 443,
                "ipv6_cidr_blocks": [],
                "prefix_list_ids": [],
                "protocol": "tcp",
                "security_groups": [],
                "self": false,
                "to_port": 443
              },
              {
                "cidr_blocks": [
                  "0.0.0.0/0"
                ],
                "description": "SSH access",
                "from_port": 22,
                "ipv6_cidr_blocks": [],
                "prefix_list_ids": [],
                "protocol": "tcp",
                "security_groups": [],
                "self": false,
                "to_port": 22
              },
              {
                "cidr_blocks": [
                  "0.0.0.0/0"
                ],
                "description": "port_proxy",
                "from_port": 8080,
                "ipv6_cidr_blocks": [],
                "prefix_list_ids": [],
                "protocol": "tcp",
                "security_groups": [],
                "self": false,
                "to_port": 8080
              }
            ],
            "name": "Docker",
            "name_prefix": "",
            "owner_id": "074677625520",
            "revoke_rules_on_delete": false,
            "tags": {
              "Name": "ET2PACAAD-docker-sg"
            },
            "tags_all": {
              "Name": "ET2PACAAD-docker-sg"
            },
            "timeouts": null,
            "vpc_id": "vpc-030ce414d3812eca2"
          },
          "sensitive_attributes": [],
          "private": "eyJlMmJmYjczMC1lY2FhLTExZTYtOGY4OC0zNDM2M2JjN2M0YzAiOnsiY3JlYXRlIjo2MDAwMDAwMDAwMDAsImRlbGV0ZSI6OTAwMDAwMDAwMDAwfSwic2NoZW1hX3ZlcnNpb24iOiIxIn0=",
          "dependencies": [
            "module.vpc.aws_vpc.vpc"
          ]
        }
      ]
    },
    {
      "module": "module.vpc",
      "mode": "managed",
      "type": "aws_security_group",
      "name": "jenkins_sg",
      "provider": "provider[\"registry.terraform.io/hashicorp/aws\"]",
      "instances": [
        {
          "schema_version": 1,
          "attributes": {
            "arn": "arn:aws:ec2:eu-west-3:074677625520:security-group/sg-019b86fd02acdde4b",
            "description": "Allow inbound traffic",
            "egress": [
              {
                "cidr_blocks": [
                  "0.0.0.0/0"
                ],
                "description": "",
                "from_port": 0,
                "ipv6_cidr_blocks": [],
                "prefix_list_ids": [],
                "protocol": "-1",
                "security_groups": [],
                "self": false,
                "to_port": 0
              }
            ],
            "id": "sg-019b86fd02acdde4b",
            "ingress": [
              {
                "cidr_blocks": [
                  "0.0.0.0/0"
                ],
                "description": "HTTP access",
                "from_port": 80,
                "ipv6_cidr_blocks": [],
                "prefix_list_ids": [],
                "protocol": "tcp",
                "security_groups": [],
                "self": false,
                "to_port": 80
              },
              {
                "cidr_blocks": [
                  "0.0.0.0/0"
                ],
                "description": "SSH access",
                "from_port": 22,
                "ipv6_cidr_blocks": [],
                "prefix_list_ids": [],
                "protocol": "tcp",
                "security_groups": [],
                "self": false,
                "to_port": 22
              },
              {
                "cidr_blocks": [
                  "0.0.0.0/0"
                ],
                "description": "port_proxy",
                "from_port": 8080,
                "ipv6_cidr_blocks": [],
                "prefix_list_ids": [],
                "protocol": "tcp",
                "security_groups": [],
                "self": false,
                "to_port": 8080
              }
            ],
            "name": "jenkins",
            "name_prefix": "",
            "owner_id": "074677625520",
            "revoke_rules_on_delete": false,
            "tags": {
              "Name": "ET2PACAAD-jenkins-sg"
            },
            "tags_all": {
              "Name": "ET2PACAAD-jenkins-sg"
            },
            "timeouts": null,
            "vpc_id": "vpc-030ce414d3812eca2"
          },
          "sensitive_attributes": [],
          "private": "eyJlMmJmYjczMC1lY2FhLTExZTYtOGY4OC0zNDM2M2JjN2M0YzAiOnsiY3JlYXRlIjo2MDAwMDAwMDAwMDAsImRlbGV0ZSI6OTAwMDAwMDAwMDAwfSwic2NoZW1hX3ZlcnNpb24iOiIxIn0=",
          "dependencies": [
            "module.vpc.aws_vpc.vpc"
          ]
        }
      ]
    },
    {
      "module": "module.vpc",
      "mode": "managed",
      "type": "aws_security_group",
      "name": "mysql_sg",
      "provider": "provider[\"registry.terraform.io/hashicorp/aws\"]",
      "instances": [
        {
          "schema_version": 1,
          "attributes": {
            "arn": "arn:aws:ec2:eu-west-3:074677625520:security-group/sg-02860e5d5ada48ae4",
            "description": "Allow inbound traffic",
            "egress": [
              {
                "cidr_blocks": [
                  "0.0.0.0/0"
                ],
                "description": "",
                "from_port": 0,
                "ipv6_cidr_blocks": [],
                "prefix_list_ids": [],
                "protocol": "-1",
                "security_groups": [],
                "self": false,
                "to_port": 0
              }
            ],
            "id": "sg-02860e5d5ada48ae4",
            "ingress": [
              {
                "cidr_blocks": [
                  "0.0.0.0/0"
                ],
                "description": "Database access",
                "from_port": 3306,
                "ipv6_cidr_blocks": [],
                "prefix_list_ids": [],
                "protocol": "tcp",
                "security_groups": [],
                "self": false,
                "to_port": 3306
              }
            ],
            "name": "mysql",
            "name_prefix": "",
            "owner_id": "074677625520",
            "revoke_rules_on_delete": false,
            "tags": {
              "Name": "ET2PACAAD-mysql"
            },
            "tags_all": {
              "Name": "ET2PACAAD-mysql"
            },
            "timeouts": null,
            "vpc_id": "vpc-030ce414d3812eca2"
          },
          "sensitive_attributes": [],
          "private": "eyJlMmJmYjczMC1lY2FhLTExZTYtOGY4OC0zNDM2M2JjN2M0YzAiOnsiY3JlYXRlIjo2MDAwMDAwMDAwMDAsImRlbGV0ZSI6OTAwMDAwMDAwMDAwfSwic2NoZW1hX3ZlcnNpb24iOiIxIn0=",
          "dependencies": [
            "module.vpc.aws_vpc.vpc"
          ]
        }
      ]
    },
    {
      "module": "module.vpc",
      "mode": "managed",
      "type": "aws_security_group",
      "name": "nexus_sg",
      "provider": "provider[\"registry.terraform.io/hashicorp/aws\"]",
      "instances": [
        {
          "schema_version": 1,
          "attributes": {
            "arn": "arn:aws:ec2:eu-west-3:074677625520:security-group/sg-04e04e1cca9e393c0",
            "description": "Allow inbound traffic",
            "egress": [
              {
                "cidr_blocks": [
                  "0.0.0.0/0"
                ],
                "description": "",
                "from_port": 0,
                "ipv6_cidr_blocks": [],
                "prefix_list_ids": [],
                "protocol": "-1",
                "security_groups": [],
                "self": false,
                "to_port": 0
              }
            ],
            "id": "sg-04e04e1cca9e393c0",
            "ingress": [
              {
                "cidr_blocks": [
                  "0.0.0.0/0"
                ],
                "description": "Nexus access",
                "from_port": 8081,
                "ipv6_cidr_blocks": [],
                "prefix_list_ids": [],
                "protocol": "tcp",
                "security_groups": [],
                "self": false,
                "to_port": 8081
              },
              {
                "cidr_blocks": [
                  "0.0.0.0/0"
                ],
                "description": "Nexus access",
                "from_port": 8085,
                "ipv6_cidr_blocks": [],
                "prefix_list_ids": [],
                "protocol": "tcp",
                "security_groups": [],
                "self": false,
                "to_port": 8085
              },
              {
                "cidr_blocks": [
                  "0.0.0.0/0"
                ],
                "description": "SSH access",
                "from_port": 22,
                "ipv6_cidr_blocks": [],
                "prefix_list_ids": [],
                "protocol": "tcp",
                "security_groups": [],
                "self": false,
                "to_port": 22
              }
            ],
            "name": "nexus",
            "name_prefix": "",
            "owner_id": "074677625520",
            "revoke_rules_on_delete": false,
            "tags": {
              "Name": "ET2PACAAD-nexus-sg"
            },
            "tags_all": {
              "Name": "ET2PACAAD-nexus-sg"
            },
            "timeouts": null,
            "vpc_id": "vpc-030ce414d3812eca2"
          },
          "sensitive_attributes": [],
          "private": "eyJlMmJmYjczMC1lY2FhLTExZTYtOGY4OC0zNDM2M2JjN2M0YzAiOnsiY3JlYXRlIjo2MDAwMDAwMDAwMDAsImRlbGV0ZSI6OTAwMDAwMDAwMDAwfSwic2NoZW1hX3ZlcnNpb24iOiIxIn0=",
          "dependencies": [
            "module.vpc.aws_vpc.vpc"
          ]
        }
      ]
    },
    {
      "module": "module.vpc",
      "mode": "managed",
      "type": "aws_security_group",
      "name": "sonarqube_sg",
      "provider": "provider[\"registry.terraform.io/hashicorp/aws\"]",
      "instances": [
        {
          "schema_version": 1,
          "attributes": {
            "arn": "arn:aws:ec2:eu-west-3:074677625520:security-group/sg-09caa2b5b3d4363a4",
            "description": "Allow TLS inbound traffic",
            "egress": [
              {
                "cidr_blocks": [
                  "0.0.0.0/0"
                ],
                "description": "",
                "from_port": 0,
                "ipv6_cidr_blocks": [],
                "prefix_list_ids": [],
                "protocol": "-1",
                "security_groups": [],
                "self": false,
                "to_port": 0
              }
            ],
            "id": "sg-09caa2b5b3d4363a4",
            "ingress": [
              {
                "cidr_blocks": [
                  "0.0.0.0/0"
                ],
                "description": "SSH access",
                "from_port": 22,
                "ipv6_cidr_blocks": [],
                "prefix_list_ids": [],
                "protocol": "tcp",
                "security_groups": [],
                "self": false,
                "to_port": 22
              },
              {
                "cidr_blocks": [
                  "0.0.0.0/0"
                ],
                "description": "Sonarqube access",
                "from_port": 9000,
                "ipv6_cidr_blocks": [],
                "prefix_list_ids": [],
                "protocol": "tcp",
                "security_groups": [],
                "self": false,
                "to_port": 9000
              }
            ],
            "name": "sonarqube",
            "name_prefix": "",
            "owner_id": "074677625520",
            "revoke_rules_on_delete": false,
            "tags": {
              "Name": "ET2PACAAD-sonarqube-sg"
            },
            "tags_all": {
              "Name": "ET2PACAAD-sonarqube-sg"
            },
            "timeouts": null,
            "vpc_id": "vpc-030ce414d3812eca2"
          },
          "sensitive_attributes": [],
          "private": "eyJlMmJmYjczMC1lY2FhLTExZTYtOGY4OC0zNDM2M2JjN2M0YzAiOnsiY3JlYXRlIjo2MDAwMDAwMDAwMDAsImRlbGV0ZSI6OTAwMDAwMDAwMDAwfSwic2NoZW1hX3ZlcnNpb24iOiIxIn0=",
          "dependencies": [
            "module.vpc.aws_vpc.vpc"
          ]
        }
      ]
    },
    {
      "module": "module.vpc",
      "mode": "managed",
      "type": "aws_subnet",
      "name": "private-subnet-1",
      "provider": "provider[\"registry.terraform.io/hashicorp/aws\"]",
      "instances": [
        {
          "schema_version": 1,
          "attributes": {
            "arn": "arn:aws:ec2:eu-west-3:074677625520:subnet/subnet-0ac6955f1170d92c1",
            "assign_ipv6_address_on_creation": false,
            "availability_zone": "eu-west-3a",
            "availability_zone_id": "euw3-az1",
            "cidr_block": "10.0.3.0/24",
            "customer_owned_ipv4_pool": "",
            "enable_dns64": false,
            "enable_lni_at_device_index": 0,
            "enable_resource_name_dns_a_record_on_launch": false,
            "enable_resource_name_dns_aaaa_record_on_launch": false,
            "id": "subnet-0ac6955f1170d92c1",
            "ipv6_cidr_block": "",
            "ipv6_cidr_block_association_id": "",
            "ipv6_native": false,
            "map_customer_owned_ip_on_launch": false,
            "map_public_ip_on_launch": false,
            "outpost_arn": "",
            "owner_id": "074677625520",
            "private_dns_hostname_type_on_launch": "ip-name",
            "tags": {
              "Name": "ET2PACAAD-private-subnet-1"
            },
            "tags_all": {
              "Name": "ET2PACAAD-private-subnet-1"
            },
            "timeouts": null,
            "vpc_id": "vpc-030ce414d3812eca2"
          },
          "sensitive_attributes": [],
          "private": "eyJlMmJmYjczMC1lY2FhLTExZTYtOGY4OC0zNDM2M2JjN2M0YzAiOnsiY3JlYXRlIjo2MDAwMDAwMDAwMDAsImRlbGV0ZSI6MTIwMDAwMDAwMDAwMH0sInNjaGVtYV92ZXJzaW9uIjoiMSJ9",
          "dependencies": [
            "module.vpc.aws_vpc.vpc"
          ]
        }
      ]
    },
    {
      "module": "module.vpc",
      "mode": "managed",
      "type": "aws_subnet",
      "name": "private-subnet-2",
      "provider": "provider[\"registry.terraform.io/hashicorp/aws\"]",
      "instances": [
        {
          "schema_version": 1,
          "attributes": {
            "arn": "arn:aws:ec2:eu-west-3:074677625520:subnet/subnet-0465941e5705af503",
            "assign_ipv6_address_on_creation": false,
            "availability_zone": "eu-west-3b",
            "availability_zone_id": "euw3-az2",
            "cidr_block": "10.0.4.0/24",
            "customer_owned_ipv4_pool": "",
            "enable_dns64": false,
            "enable_lni_at_device_index": 0,
            "enable_resource_name_dns_a_record_on_launch": false,
            "enable_resource_name_dns_aaaa_record_on_launch": false,
            "id": "subnet-0465941e5705af503",
            "ipv6_cidr_block": "",
            "ipv6_cidr_block_association_id": "",
            "ipv6_native": false,
            "map_customer_owned_ip_on_launch": false,
            "map_public_ip_on_launch": false,
            "outpost_arn": "",
            "owner_id": "074677625520",
            "private_dns_hostname_type_on_launch": "ip-name",
            "tags": {
              "Name": "ET2PACAAD-private-subnet-2"
            },
            "tags_all": {
              "Name": "ET2PACAAD-private-subnet-2"
            },
            "timeouts": null,
            "vpc_id": "vpc-030ce414d3812eca2"
          },
          "sensitive_attributes": [],
          "private": "eyJlMmJmYjczMC1lY2FhLTExZTYtOGY4OC0zNDM2M2JjN2M0YzAiOnsiY3JlYXRlIjo2MDAwMDAwMDAwMDAsImRlbGV0ZSI6MTIwMDAwMDAwMDAwMH0sInNjaGVtYV92ZXJzaW9uIjoiMSJ9",
          "dependencies": [
            "module.vpc.aws_vpc.vpc"
          ]
        }
      ]
    },
    {
      "module": "module.vpc",
      "mode": "managed",
      "type": "aws_subnet",
      "name": "public-subnet-1",
      "provider": "provider[\"registry.terraform.io/hashicorp/aws\"]",
      "instances": [
        {
          "schema_version": 1,
          "attributes": {
            "arn": "arn:aws:ec2:eu-west-3:074677625520:subnet/subnet-0775ed0dfd56282f1",
            "assign_ipv6_address_on_creation": false,
            "availability_zone": "eu-west-3a",
            "availability_zone_id": "euw3-az1",
            "cidr_block": "10.0.1.0/24",
            "customer_owned_ipv4_pool": "",
            "enable_dns64": false,
            "enable_lni_at_device_index": 0,
            "enable_resource_name_dns_a_record_on_launch": false,
            "enable_resource_name_dns_aaaa_record_on_launch": false,
            "id": "subnet-0775ed0dfd56282f1",
            "ipv6_cidr_block": "",
            "ipv6_cidr_block_association_id": "",
            "ipv6_native": false,
            "map_customer_owned_ip_on_launch": false,
            "map_public_ip_on_launch": false,
            "outpost_arn": "",
            "owner_id": "074677625520",
            "private_dns_hostname_type_on_launch": "ip-name",
            "tags": {
              "Name": "ET2PACAAD-public-subnet-1"
            },
            "tags_all": {
              "Name": "ET2PACAAD-public-subnet-1"
            },
            "timeouts": null,
            "vpc_id": "vpc-030ce414d3812eca2"
          },
          "sensitive_attributes": [],
          "private": "eyJlMmJmYjczMC1lY2FhLTExZTYtOGY4OC0zNDM2M2JjN2M0YzAiOnsiY3JlYXRlIjo2MDAwMDAwMDAwMDAsImRlbGV0ZSI6MTIwMDAwMDAwMDAwMH0sInNjaGVtYV92ZXJzaW9uIjoiMSJ9",
          "dependencies": [
            "module.vpc.aws_vpc.vpc"
          ]
        }
      ]
    },
    {
      "module": "module.vpc",
      "mode": "managed",
      "type": "aws_subnet",
      "name": "public-subnet-2",
      "provider": "provider[\"registry.terraform.io/hashicorp/aws\"]",
      "instances": [
        {
          "schema_version": 1,
          "attributes": {
            "arn": "arn:aws:ec2:eu-west-3:074677625520:subnet/subnet-044d1cc6272fcc83a",
            "assign_ipv6_address_on_creation": false,
            "availability_zone": "eu-west-3b",
            "availability_zone_id": "euw3-az2",
            "cidr_block": "10.0.2.0/24",
            "customer_owned_ipv4_pool": "",
            "enable_dns64": false,
            "enable_lni_at_device_index": 0,
            "enable_resource_name_dns_a_record_on_launch": false,
            "enable_resource_name_dns_aaaa_record_on_launch": false,
            "id": "subnet-044d1cc6272fcc83a",
            "ipv6_cidr_block": "",
            "ipv6_cidr_block_association_id": "",
            "ipv6_native": false,
            "map_customer_owned_ip_on_launch": false,
            "map_public_ip_on_launch": false,
            "outpost_arn": "",
            "owner_id": "074677625520",
            "private_dns_hostname_type_on_launch": "ip-name",
            "tags": {
              "Name": "ET2PACAAD-public-subnet-2"
            },
            "tags_all": {
              "Name": "ET2PACAAD-public-subnet-2"
            },
            "timeouts": null,
            "vpc_id": "vpc-030ce414d3812eca2"
          },
          "sensitive_attributes": [],
          "private": "eyJlMmJmYjczMC1lY2FhLTExZTYtOGY4OC0zNDM2M2JjN2M0YzAiOnsiY3JlYXRlIjo2MDAwMDAwMDAwMDAsImRlbGV0ZSI6MTIwMDAwMDAwMDAwMH0sInNjaGVtYV92ZXJzaW9uIjoiMSJ9",
          "dependencies": [
            "module.vpc.aws_vpc.vpc"
          ]
        }
      ]
    },
    {
      "module": "module.vpc",
      "mode": "managed",
      "type": "aws_vpc",
      "name": "vpc",
      "provider": "provider[\"registry.terraform.io/hashicorp/aws\"]",
      "instances": [
        {
          "schema_version": 1,
          "attributes": {
            "arn": "arn:aws:ec2:eu-west-3:074677625520:vpc/vpc-030ce414d3812eca2",
            "assign_generated_ipv6_cidr_block": false,
            "cidr_block": "10.0.0.0/16",
            "default_network_acl_id": "acl-0af746f6ab8f1c9f3",
            "default_route_table_id": "rtb-096526e3471e2687e",
            "default_security_group_id": "sg-0587b3d3900648626",
            "dhcp_options_id": "dopt-0bf7ccfef71472972",
            "enable_dns_hostnames": false,
            "enable_dns_support": true,
            "enable_network_address_usage_metrics": false,
            "id": "vpc-030ce414d3812eca2",
            "instance_tenancy": "default",
            "ipv4_ipam_pool_id": null,
            "ipv4_netmask_length": null,
            "ipv6_association_id": "",
            "ipv6_cidr_block": "",
            "ipv6_cidr_block_network_border_group": "",
            "ipv6_ipam_pool_id": "",
            "ipv6_netmask_length": 0,
            "main_route_table_id": "rtb-096526e3471e2687e",
            "owner_id": "074677625520",
            "tags": {
              "Name": "ET2PACAAD-vpc"
            },
            "tags_all": {
              "Name": "ET2PACAAD-vpc"
            }
          },
          "sensitive_attributes": [],
          "private": "eyJzY2hlbWFfdmVyc2lvbiI6IjEifQ=="
        }
      ]
    }
  ],
  "check_results": null
}
